// !$*UTF8*$!
{
	archiveVersion = 1;
	classes = {
	};
	objectVersion = 46;
	objects = {

/* Begin PBXBuildFile section */
		760ED9C414EE02D100F727FE /* DownloadTheFacebook.m in Sources */ = {isa = PBXBuildFile; fileRef = 760ED9C214EE02D000F727FE /* DownloadTheFacebook.m */; };
		760ED9C514EE02D100F727FE /* DownloadTheFacebook.xib in Resources */ = {isa = PBXBuildFile; fileRef = 760ED9C314EE02D100F727FE /* DownloadTheFacebook.xib */; };
		7619381E1602EBDD00CA6B47 /* Default-568h@2x.png in Resources */ = {isa = PBXBuildFile; fileRef = 7619381D1602EBDD00CA6B47 /* Default-568h@2x.png */; };
		768960691381B5E900670E8A /* matrix.jpg in Resources */ = {isa = PBXBuildFile; fileRef = 768960671381B5E900670E8A /* matrix.jpg */; };
		7689606A1381B5E900670E8A /* matrix.png in Resources */ = {isa = PBXBuildFile; fileRef = 768960681381B5E900670E8A /* matrix.png */; };
		7690983E137CB7CD00392018 /* ShowUserView.m in Sources */ = {isa = PBXBuildFile; fileRef = 7690983C137CB7CC00392018 /* ShowUserView.m */; };
		7690983F137CB7CD00392018 /* ShowUserView.xib in Resources */ = {isa = PBXBuildFile; fileRef = 7690983D137CB7CC00392018 /* ShowUserView.xib */; };
		7691E8A013782D1900578213 /* UIKit.framework in Frameworks */ = {isa = PBXBuildFile; fileRef = 7691E89F13782D1900578213 /* UIKit.framework */; };
		7691E8A213782D1A00578213 /* Foundation.framework in Frameworks */ = {isa = PBXBuildFile; fileRef = 7691E8A113782D1900578213 /* Foundation.framework */; };
		7691E8A413782D1A00578213 /* CoreGraphics.framework in Frameworks */ = {isa = PBXBuildFile; fileRef = 7691E8A313782D1A00578213 /* CoreGraphics.framework */; };
		7691E8AA13782D1A00578213 /* InfoPlist.strings in Resources */ = {isa = PBXBuildFile; fileRef = 7691E8A813782D1A00578213 /* InfoPlist.strings */; };
		7691E8AD13782D1A00578213 /* main.m in Sources */ = {isa = PBXBuildFile; fileRef = 7691E8AC13782D1A00578213 /* main.m */; };
		7691E8B013782D1A00578213 /* UnfollowerAppDelegate.m in Sources */ = {isa = PBXBuildFile; fileRef = 7691E8AF13782D1A00578213 /* UnfollowerAppDelegate.m */; };
		7691E8B413782D1A00578213 /* UnfollowerAppDelegate_iPhone.m in Sources */ = {isa = PBXBuildFile; fileRef = 7691E8B313782D1A00578213 /* UnfollowerAppDelegate_iPhone.m */; };
		7691E8B713782D1A00578213 /* MainWindow_iPhone.xib in Resources */ = {isa = PBXBuildFile; fileRef = 7691E8B513782D1A00578213 /* MainWindow_iPhone.xib */; };
		7691E8BB13782D1A00578213 /* UnfollowerAppDelegate_iPad.m in Sources */ = {isa = PBXBuildFile; fileRef = 7691E8BA13782D1A00578213 /* UnfollowerAppDelegate_iPad.m */; };
		7691E8BE13782D1A00578213 /* MainWindow_iPad.xib in Resources */ = {isa = PBXBuildFile; fileRef = 7691E8BC13782D1A00578213 /* MainWindow_iPad.xib */; };
		7691E8CB13782D8B00578213 /* Icon-72.png in Resources */ = {isa = PBXBuildFile; fileRef = 7691E8C613782D8B00578213 /* Icon-72.png */; };
		7691E8CC13782D8B00578213 /* Icon.png in Resources */ = {isa = PBXBuildFile; fileRef = 7691E8C713782D8B00578213 /* Icon.png */; };
		7691E8CD13782D8B00578213 /* Icon512.png in Resources */ = {isa = PBXBuildFile; fileRef = 7691E8C813782D8B00578213 /* Icon512.png */; };
		7691E8CE13782D8B00578213 /* Icon@2x.png in Resources */ = {isa = PBXBuildFile; fileRef = 7691E8C913782D8B00578213 /* Icon@2x.png */; };
		7691E8D213782E3600578213 /* SettingsView.m in Sources */ = {isa = PBXBuildFile; fileRef = 7691E8D013782E3600578213 /* SettingsView.m */; };
		7691E8D313782E3600578213 /* SettingsView.xib in Resources */ = {isa = PBXBuildFile; fileRef = 7691E8D113782E3600578213 /* SettingsView.xib */; };
		7691E8E0137830CC00578213 /* iPadSettingsView.xib in Resources */ = {isa = PBXBuildFile; fileRef = 7691E8DE137830CC00578213 /* iPadSettingsView.xib */; };
		7691E8E2137832F700578213 /* Default.png in Resources */ = {isa = PBXBuildFile; fileRef = 7691E8E1137832F700578213 /* Default.png */; };
		7691E8F6137841AD00578213 /* UnfollowerListView.m in Sources */ = {isa = PBXBuildFile; fileRef = 7691E8F4137841AD00578213 /* UnfollowerListView.m */; };
		7691E8F7137841AD00578213 /* UnfollowerListView.xib in Resources */ = {isa = PBXBuildFile; fileRef = 7691E8F5137841AD00578213 /* UnfollowerListView.xib */; };
		7691E8F9137843E900578213 /* iAd.framework in Frameworks */ = {isa = PBXBuildFile; fileRef = 7691E8F8137843E900578213 /* iAd.framework */; };
		7691E9E013787BEC00578213 /* GameKit.framework in Frameworks */ = {isa = PBXBuildFile; fileRef = 7691E9DF13787BEC00578213 /* GameKit.framework */; };
		7691E9E213787BF800578213 /* CoreLocation.framework in Frameworks */ = {isa = PBXBuildFile; fileRef = 7691E9E113787BF800578213 /* CoreLocation.framework */; };
		7691E9E413787BFF00578213 /* MessageUI.framework in Frameworks */ = {isa = PBXBuildFile; fileRef = 7691E9E313787BFF00578213 /* MessageUI.framework */; };
		7691E9E613787C0600578213 /* Security.framework in Frameworks */ = {isa = PBXBuildFile; fileRef = 7691E9E513787C0600578213 /* Security.framework */; };
		7691E9E813787C0E00578213 /* SystemConfiguration.framework in Frameworks */ = {isa = PBXBuildFile; fileRef = 7691E9E713787C0E00578213 /* SystemConfiguration.framework */; };
		7691EA1713788E7800578213 /* 01-refresh.png in Resources */ = {isa = PBXBuildFile; fileRef = 7691EA1413788E7800578213 /* 01-refresh.png */; };
		7691EA1813788E7800578213 /* 19-gear.png in Resources */ = {isa = PBXBuildFile; fileRef = 7691EA1513788E7800578213 /* 19-gear.png */; };
		7691EA1913788E7800578213 /* 23-bird.png in Resources */ = {isa = PBXBuildFile; fileRef = 7691EA1613788E7800578213 /* 23-bird.png */; };
		7691EA1D13788F8900578213 /* AboutView.m in Sources */ = {isa = PBXBuildFile; fileRef = 7691EA1B13788F8900578213 /* AboutView.m */; };
		7691EA1E13788F8900578213 /* AboutView.xib in Resources */ = {isa = PBXBuildFile; fileRef = 7691EA1C13788F8900578213 /* AboutView.xib */; };
		76AF65411533CCA90049193E /* F3Swirly.m in Sources */ = {isa = PBXBuildFile; fileRef = 76AF65401533CCA90049193E /* F3Swirly.m */; };
		76AF65441533D3090049193E /* QuartzCore.framework in Frameworks */ = {isa = PBXBuildFile; fileRef = 76AF65431533D3090049193E /* QuartzCore.framework */; };
		76C0C85E137ABBF20090C285 /* iPadUnfollowerListView.xib in Resources */ = {isa = PBXBuildFile; fileRef = 76C0C85C137ABBF20090C285 /* iPadUnfollowerListView.xib */; };
		76C43EFC14CCF3D00009F29A /* autum.jpg in Resources */ = {isa = PBXBuildFile; fileRef = 76C43EED14CCF3D00009F29A /* autum.jpg */; };
		76C43EFD14CCF3D00009F29A /* backbutton.png in Resources */ = {isa = PBXBuildFile; fileRef = 76C43EEE14CCF3D00009F29A /* backbutton.png */; };
		76C43EFE14CCF3D00009F29A /* desert.jpg in Resources */ = {isa = PBXBuildFile; fileRef = 76C43EEF14CCF3D00009F29A /* desert.jpg */; };
		76C43EFF14CCF3D00009F29A /* GradientFill.png in Resources */ = {isa = PBXBuildFile; fileRef = 76C43EF114CCF3D00009F29A /* GradientFill.png */; };
		76C43F0014CCF3D00009F29A /* MovieTransportBackground-ChapterButton.png in Resources */ = {isa = PBXBuildFile; fileRef = 76C43EF214CCF3D00009F29A /* MovieTransportBackground-ChapterButton.png */; };
		76C43F0114CCF3D00009F29A /* MovieTransportBackground-Chapters.png in Resources */ = {isa = PBXBuildFile; fileRef = 76C43EF314CCF3D00009F29A /* MovieTransportBackground-Chapters.png */; };
		76C43F0214CCF3D00009F29A /* MovieTransportBackground-long.png in Resources */ = {isa = PBXBuildFile; fileRef = 76C43EF414CCF3D00009F29A /* MovieTransportBackground-long.png */; };
		76C43F0314CCF3D00009F29A /* MovieTransportBackground.png in Resources */ = {isa = PBXBuildFile; fileRef = 76C43EF514CCF3D00009F29A /* MovieTransportBackground.png */; };
		76C43F0414CCF3D00009F29A /* UIAlertSheetDefaultBackground.png in Resources */ = {isa = PBXBuildFile; fileRef = 76C43EF614CCF3D00009F29A /* UIAlertSheetDefaultBackground.png */; };
		76C43F0514CCF3D00009F29A /* UILCDBackground.png in Resources */ = {isa = PBXBuildFile; fileRef = 76C43EF714CCF3D00009F29A /* UILCDBackground.png */; };
		76C43F0614CCF3D00009F29A /* UIPopupAlertSheetBackground.png in Resources */ = {isa = PBXBuildFile; fileRef = 76C43EF814CCF3D00009F29A /* UIPopupAlertSheetBackground.png */; };
		76C43F0714CCF3D00009F29A /* UITableSelection.png in Resources */ = {isa = PBXBuildFile; fileRef = 76C43EF914CCF3D00009F29A /* UITableSelection.png */; };
		76C43F0814CCF3D00009F29A /* lake.jpg in Resources */ = {isa = PBXBuildFile; fileRef = 76C43EFA14CCF3D00009F29A /* lake.jpg */; };
		76C43F0914CCF3D00009F29A /* raindrops.jpg in Resources */ = {isa = PBXBuildFile; fileRef = 76C43EFB14CCF3D00009F29A /* raindrops.jpg */; };
		884B151315E7FD910030A2ED /* ServerRestUrl.m in Sources */ = {isa = PBXBuildFile; fileRef = 884B151215E7FD910030A2ED /* ServerRestUrl.m */; };
		884B15B215E815200030A2ED /* SHKOAuthSharer.m in Sources */ = {isa = PBXBuildFile; fileRef = 884B151815E815200030A2ED /* SHKOAuthSharer.m */; };
		884B15B315E815200030A2ED /* SHKSharer.m in Sources */ = {isa = PBXBuildFile; fileRef = 884B151A15E815200030A2ED /* SHKSharer.m */; };
		884B15B415E815200030A2ED /* UIWebView+SHK.m in Sources */ = {isa = PBXBuildFile; fileRef = 884B151D15E815200030A2ED /* UIWebView+SHK.m */; };
		884B15B515E815200030A2ED /* SFHFKeychainUtils.m in Sources */ = {isa = PBXBuildFile; fileRef = 884B152115E815200030A2ED /* SFHFKeychainUtils.m */; };
		884B15B615E815200030A2ED /* NSMutableURLRequest+Parameters.m in Sources */ = {isa = PBXBuildFile; fileRef = 884B152515E815200030A2ED /* NSMutableURLRequest+Parameters.m */; };
		884B15B715E815200030A2ED /* NSString+URLEncoding.m in Sources */ = {isa = PBXBuildFile; fileRef = 884B152715E815200030A2ED /* NSString+URLEncoding.m */; };
		884B15B815E815200030A2ED /* NSURL+Base.m in Sources */ = {isa = PBXBuildFile; fileRef = 884B152915E815200030A2ED /* NSURL+Base.m */; };
		884B15B915E815200030A2ED /* Base64Transcoder.c in Sources */ = {isa = PBXBuildFile; fileRef = 884B152B15E815200030A2ED /* Base64Transcoder.c */; };
		884B15BA15E815200030A2ED /* hmac.c in Sources */ = {isa = PBXBuildFile; fileRef = 884B152D15E815200030A2ED /* hmac.c */; };
		884B15BB15E815200030A2ED /* sha1.c in Sources */ = {isa = PBXBuildFile; fileRef = 884B152F15E815200030A2ED /* sha1.c */; };
		884B15BC15E815200030A2ED /* OAAsynchronousDataFetcher.m in Sources */ = {isa = PBXBuildFile; fileRef = 884B153215E815200030A2ED /* OAAsynchronousDataFetcher.m */; };
		884B15BD15E815200030A2ED /* OAConsumer.m in Sources */ = {isa = PBXBuildFile; fileRef = 884B153415E815200030A2ED /* OAConsumer.m */; };
		884B15BE15E815200030A2ED /* OADataFetcher.m in Sources */ = {isa = PBXBuildFile; fileRef = 884B153615E815200030A2ED /* OADataFetcher.m */; };
		884B15BF15E815200030A2ED /* OAHMAC_SHA1SignatureProvider.m in Sources */ = {isa = PBXBuildFile; fileRef = 884B153815E815200030A2ED /* OAHMAC_SHA1SignatureProvider.m */; };
		884B15C015E815200030A2ED /* OAMutableURLRequest.m in Sources */ = {isa = PBXBuildFile; fileRef = 884B153A15E815200030A2ED /* OAMutableURLRequest.m */; };
		884B15C115E815200030A2ED /* OAPlaintextSignatureProvider.m in Sources */ = {isa = PBXBuildFile; fileRef = 884B153C15E815200030A2ED /* OAPlaintextSignatureProvider.m */; };
		884B15C215E815200030A2ED /* OARequestParameter.m in Sources */ = {isa = PBXBuildFile; fileRef = 884B153E15E815200030A2ED /* OARequestParameter.m */; };
		884B15C315E815200030A2ED /* OAServiceTicket.m in Sources */ = {isa = PBXBuildFile; fileRef = 884B154015E815200030A2ED /* OAServiceTicket.m */; };
		884B15C415E815200030A2ED /* OAToken.m in Sources */ = {isa = PBXBuildFile; fileRef = 884B154315E815200030A2ED /* OAToken.m */; };
		884B15C515E815200030A2ED /* SHKRequest.m in Sources */ = {isa = PBXBuildFile; fileRef = 884B154615E815200030A2ED /* SHKRequest.m */; };
		884B15C615E815200030A2ED /* SHK.m in Sources */ = {isa = PBXBuildFile; fileRef = 884B154815E815200030A2ED /* SHK.m */; };
		884B15C715E815200030A2ED /* SHKItem.m in Sources */ = {isa = PBXBuildFile; fileRef = 884B154A15E815200030A2ED /* SHKItem.m */; };
		884B15C815E815200030A2ED /* SHKOfflineSharer.m in Sources */ = {isa = PBXBuildFile; fileRef = 884B154C15E815200030A2ED /* SHKOfflineSharer.m */; };
		884B15C915E815200030A2ED /* SHKSharers.plist in Resources */ = {isa = PBXBuildFile; fileRef = 884B154D15E815200030A2ED /* SHKSharers.plist */; };
		884B15CA15E815200030A2ED /* SHKCustomFormController.m in Sources */ = {isa = PBXBuildFile; fileRef = 884B155015E815200030A2ED /* SHKCustomFormController.m */; };
		884B15CB15E815200030A2ED /* SHKCustomFormFieldCell.m in Sources */ = {isa = PBXBuildFile; fileRef = 884B155215E815200030A2ED /* SHKCustomFormFieldCell.m */; };
		884B15CC15E815200030A2ED /* SHKCustomShareMenu.m in Sources */ = {isa = PBXBuildFile; fileRef = 884B155415E815200030A2ED /* SHKCustomShareMenu.m */; };
		884B15CD15E815200030A2ED /* SHKCustomShareMenuCell.m in Sources */ = {isa = PBXBuildFile; fileRef = 884B155615E815200030A2ED /* SHKCustomShareMenuCell.m */; };
		884B15CE15E815200030A2ED /* Localizable.strings in Resources */ = {isa = PBXBuildFile; fileRef = 884B155815E815200030A2ED /* Localizable.strings */; };
		884B15CF15E815200030A2ED /* Reachability.m in Sources */ = {isa = PBXBuildFile; fileRef = 884B155D15E815200030A2ED /* Reachability.m */; };
		884B15D015E815200030A2ED /* SHKCopy.m in Sources */ = {isa = PBXBuildFile; fileRef = 884B156215E815200030A2ED /* SHKCopy.m */; };
		884B15D115E815200030A2ED /* SHKMail.m in Sources */ = {isa = PBXBuildFile; fileRef = 884B156515E815200030A2ED /* SHKMail.m */; };
		884B15D215E815200030A2ED /* SHKSafari.m in Sources */ = {isa = PBXBuildFile; fileRef = 884B156815E815200030A2ED /* SHKSafari.m */; };
		884B15D315E815200030A2ED /* SHKPhotoAlbum.m in Sources */ = {isa = PBXBuildFile; fileRef = 884B156B15E815200030A2ED /* SHKPhotoAlbum.m */; };
		884B15D415E815200030A2ED /* SHKDelicious.m in Sources */ = {isa = PBXBuildFile; fileRef = 884B156F15E815200030A2ED /* SHKDelicious.m */; };
		884B15D515E815200030A2ED /* FBConnect.bundle in Resources */ = {isa = PBXBuildFile; fileRef = 884B157215E815200030A2ED /* FBConnect.bundle */; };
		884B15D615E815200030A2ED /* FBConnectGlobal.m in Sources */ = {isa = PBXBuildFile; fileRef = 884B157515E815200030A2ED /* FBConnectGlobal.m */; };
		884B15D715E815200030A2ED /* FBDialog.m in Sources */ = {isa = PBXBuildFile; fileRef = 884B157715E815200030A2ED /* FBDialog.m */; };
		884B15D815E815200030A2ED /* FBFeedDialog.m in Sources */ = {isa = PBXBuildFile; fileRef = 884B157915E815200030A2ED /* FBFeedDialog.m */; };
		884B15D915E815200030A2ED /* FBLoginButton.m in Sources */ = {isa = PBXBuildFile; fileRef = 884B157B15E815200030A2ED /* FBLoginButton.m */; };
		884B15DA15E815200030A2ED /* FBLoginDialog.m in Sources */ = {isa = PBXBuildFile; fileRef = 884B157D15E815200030A2ED /* FBLoginDialog.m */; };
		884B15DB15E815200030A2ED /* FBPermissionDialog.m in Sources */ = {isa = PBXBuildFile; fileRef = 884B157F15E815200030A2ED /* FBPermissionDialog.m */; };
		884B15DC15E815200030A2ED /* FBRequest.m in Sources */ = {isa = PBXBuildFile; fileRef = 884B158115E815200030A2ED /* FBRequest.m */; };
		884B15DD15E815200030A2ED /* FBSession.m in Sources */ = {isa = PBXBuildFile; fileRef = 884B158315E815200030A2ED /* FBSession.m */; };
		884B15DE15E815200030A2ED /* FBStreamDialog.m in Sources */ = {isa = PBXBuildFile; fileRef = 884B158515E815200030A2ED /* FBStreamDialog.m */; };
		884B15DF15E815200030A2ED /* FBXMLHandler.m in Sources */ = {isa = PBXBuildFile; fileRef = 884B158715E815200030A2ED /* FBXMLHandler.m */; };
		884B15E015E815200030A2ED /* SHKFacebook.m in Sources */ = {isa = PBXBuildFile; fileRef = 884B158915E815200030A2ED /* SHKFacebook.m */; };
		884B15E115E815200030A2ED /* SHKFBStreamDialog.m in Sources */ = {isa = PBXBuildFile; fileRef = 884B158B15E815200030A2ED /* SHKFBStreamDialog.m */; };
		884B15E215E815200030A2ED /* SHKGoogleReader.m in Sources */ = {isa = PBXBuildFile; fileRef = 884B158E15E815200030A2ED /* SHKGoogleReader.m */; };
		884B15E315E815200030A2ED /* SHKInstapaper.m in Sources */ = {isa = PBXBuildFile; fileRef = 884B159115E815200030A2ED /* SHKInstapaper.m */; };
		884B15E415E815200030A2ED /* SHKPinboard.m in Sources */ = {isa = PBXBuildFile; fileRef = 884B159415E815200030A2ED /* SHKPinboard.m */; };
		884B15E515E815200030A2ED /* SHKReadItLater.m in Sources */ = {isa = PBXBuildFile; fileRef = 884B159715E815200030A2ED /* SHKReadItLater.m */; };
		884B15E615E815200030A2ED /* SHKTumblr.m in Sources */ = {isa = PBXBuildFile; fileRef = 884B159A15E815200030A2ED /* SHKTumblr.m */; };
		884B15E715E815200030A2ED /* SHKTwitter.m in Sources */ = {isa = PBXBuildFile; fileRef = 884B159D15E815200030A2ED /* SHKTwitter.m */; };
		884B15E815E815200030A2ED /* SHKTwitterForm.m in Sources */ = {isa = PBXBuildFile; fileRef = 884B159F15E815200030A2ED /* SHKTwitterForm.m */; };
		884B15E915E815200030A2ED /* SHKActionSheet.m in Sources */ = {isa = PBXBuildFile; fileRef = 884B15A315E815200030A2ED /* SHKActionSheet.m */; };
		884B15EA15E815200030A2ED /* SHKActivityIndicator.m in Sources */ = {isa = PBXBuildFile; fileRef = 884B15A515E815200030A2ED /* SHKActivityIndicator.m */; };
		884B15EB15E815200030A2ED /* SHKFormController.m in Sources */ = {isa = PBXBuildFile; fileRef = 884B15A715E815200030A2ED /* SHKFormController.m */; };
		884B15EC15E815200030A2ED /* SHKFormFieldCell.m in Sources */ = {isa = PBXBuildFile; fileRef = 884B15A915E815200030A2ED /* SHKFormFieldCell.m */; };
		884B15ED15E815200030A2ED /* SHKFormFieldSettings.m in Sources */ = {isa = PBXBuildFile; fileRef = 884B15AB15E815200030A2ED /* SHKFormFieldSettings.m */; };
		884B15EE15E815200030A2ED /* SHKOAuthView.m in Sources */ = {isa = PBXBuildFile; fileRef = 884B15AD15E815200030A2ED /* SHKOAuthView.m */; };
		884B15EF15E815200030A2ED /* SHKShareMenu.m in Sources */ = {isa = PBXBuildFile; fileRef = 884B15AF15E815200030A2ED /* SHKShareMenu.m */; };
		884B15F015E815200030A2ED /* SHKViewControllerWrapper.m in Sources */ = {isa = PBXBuildFile; fileRef = 884B15B115E815200030A2ED /* SHKViewControllerWrapper.m */; };
/* End PBXBuildFile section */

/* Begin PBXFileReference section */
		760ED9C114EE02D000F727FE /* DownloadTheFacebook.h */ = {isa = PBXFileReference; fileEncoding = 4; lastKnownFileType = sourcecode.c.h; path = DownloadTheFacebook.h; sourceTree = "<group>"; };
		760ED9C214EE02D000F727FE /* DownloadTheFacebook.m */ = {isa = PBXFileReference; fileEncoding = 4; lastKnownFileType = sourcecode.c.objc; path = DownloadTheFacebook.m; sourceTree = "<group>"; };
		760ED9C314EE02D100F727FE /* DownloadTheFacebook.xib */ = {isa = PBXFileReference; fileEncoding = 4; lastKnownFileType = file.xib; path = DownloadTheFacebook.xib; sourceTree = "<group>"; };
		7619381D1602EBDD00CA6B47 /* Default-568h@2x.png */ = {isa = PBXFileReference; lastKnownFileType = image.png; path = "Default-568h@2x.png"; sourceTree = "<group>"; };
		768960671381B5E900670E8A /* matrix.jpg */ = {isa = PBXFileReference; lastKnownFileType = image.jpeg; path = matrix.jpg; sourceTree = "<group>"; };
		768960681381B5E900670E8A /* matrix.png */ = {isa = PBXFileReference; lastKnownFileType = image.png; path = matrix.png; sourceTree = "<group>"; };
		7690983B137CB7CC00392018 /* ShowUserView.h */ = {isa = PBXFileReference; fileEncoding = 4; lastKnownFileType = sourcecode.c.h; path = ShowUserView.h; sourceTree = "<group>"; };
		7690983C137CB7CC00392018 /* ShowUserView.m */ = {isa = PBXFileReference; fileEncoding = 4; lastKnownFileType = sourcecode.c.objc; path = ShowUserView.m; sourceTree = "<group>"; };
		7690983D137CB7CC00392018 /* ShowUserView.xib */ = {isa = PBXFileReference; fileEncoding = 4; lastKnownFileType = file.xib; path = ShowUserView.xib; sourceTree = "<group>"; };
		7691E89B13782D1900578213 /* Unfollower.app */ = {isa = PBXFileReference; explicitFileType = wrapper.application; includeInIndex = 0; path = Unfollower.app; sourceTree = BUILT_PRODUCTS_DIR; };
		7691E89F13782D1900578213 /* UIKit.framework */ = {isa = PBXFileReference; lastKnownFileType = wrapper.framework; name = UIKit.framework; path = System/Library/Frameworks/UIKit.framework; sourceTree = SDKROOT; };
		7691E8A113782D1900578213 /* Foundation.framework */ = {isa = PBXFileReference; lastKnownFileType = wrapper.framework; name = Foundation.framework; path = System/Library/Frameworks/Foundation.framework; sourceTree = SDKROOT; };
		7691E8A313782D1A00578213 /* CoreGraphics.framework */ = {isa = PBXFileReference; lastKnownFileType = wrapper.framework; name = CoreGraphics.framework; path = System/Library/Frameworks/CoreGraphics.framework; sourceTree = SDKROOT; };
		7691E8A713782D1A00578213 /* Unfollower-Info.plist */ = {isa = PBXFileReference; lastKnownFileType = text.plist.xml; path = "Unfollower-Info.plist"; sourceTree = "<group>"; };
		7691E8A913782D1A00578213 /* en */ = {isa = PBXFileReference; lastKnownFileType = text.plist.strings; name = en; path = en.lproj/InfoPlist.strings; sourceTree = "<group>"; };
		7691E8AB13782D1A00578213 /* Unfollower-Prefix.pch */ = {isa = PBXFileReference; lastKnownFileType = sourcecode.c.h; path = "Unfollower-Prefix.pch"; sourceTree = "<group>"; };
		7691E8AC13782D1A00578213 /* main.m */ = {isa = PBXFileReference; lastKnownFileType = sourcecode.c.objc; path = main.m; sourceTree = "<group>"; };
		7691E8AE13782D1A00578213 /* UnfollowerAppDelegate.h */ = {isa = PBXFileReference; lastKnownFileType = sourcecode.c.h; path = UnfollowerAppDelegate.h; sourceTree = "<group>"; };
		7691E8AF13782D1A00578213 /* UnfollowerAppDelegate.m */ = {isa = PBXFileReference; lastKnownFileType = sourcecode.c.objc; path = UnfollowerAppDelegate.m; sourceTree = "<group>"; };
		7691E8B213782D1A00578213 /* UnfollowerAppDelegate_iPhone.h */ = {isa = PBXFileReference; lastKnownFileType = sourcecode.c.h; name = UnfollowerAppDelegate_iPhone.h; path = iPhone/UnfollowerAppDelegate_iPhone.h; sourceTree = "<group>"; };
		7691E8B313782D1A00578213 /* UnfollowerAppDelegate_iPhone.m */ = {isa = PBXFileReference; lastKnownFileType = sourcecode.c.objc; name = UnfollowerAppDelegate_iPhone.m; path = iPhone/UnfollowerAppDelegate_iPhone.m; sourceTree = "<group>"; };
		7691E8B613782D1A00578213 /* en */ = {isa = PBXFileReference; lastKnownFileType = file.xib; name = en; path = iPhone/en.lproj/MainWindow_iPhone.xib; sourceTree = "<group>"; };
		7691E8B913782D1A00578213 /* UnfollowerAppDelegate_iPad.h */ = {isa = PBXFileReference; lastKnownFileType = sourcecode.c.h; name = UnfollowerAppDelegate_iPad.h; path = iPad/UnfollowerAppDelegate_iPad.h; sourceTree = "<group>"; };
		7691E8BA13782D1A00578213 /* UnfollowerAppDelegate_iPad.m */ = {isa = PBXFileReference; lastKnownFileType = sourcecode.c.objc; name = UnfollowerAppDelegate_iPad.m; path = iPad/UnfollowerAppDelegate_iPad.m; sourceTree = "<group>"; };
		7691E8BD13782D1A00578213 /* en */ = {isa = PBXFileReference; lastKnownFileType = file.xib; name = en; path = iPad/en.lproj/MainWindow_iPad.xib; sourceTree = "<group>"; };
		7691E8C613782D8B00578213 /* Icon-72.png */ = {isa = PBXFileReference; lastKnownFileType = image.png; path = "Icon-72.png"; sourceTree = "<group>"; };
		7691E8C713782D8B00578213 /* Icon.png */ = {isa = PBXFileReference; lastKnownFileType = image.png; path = Icon.png; sourceTree = "<group>"; };
		7691E8C813782D8B00578213 /* Icon512.png */ = {isa = PBXFileReference; lastKnownFileType = image.png; path = Icon512.png; sourceTree = "<group>"; };
		7691E8C913782D8B00578213 /* Icon@2x.png */ = {isa = PBXFileReference; lastKnownFileType = image.png; path = "Icon@2x.png"; sourceTree = "<group>"; };
		7691E8CF13782E3600578213 /* SettingsView.h */ = {isa = PBXFileReference; fileEncoding = 4; lastKnownFileType = sourcecode.c.h; path = SettingsView.h; sourceTree = "<group>"; };
		7691E8D013782E3600578213 /* SettingsView.m */ = {isa = PBXFileReference; fileEncoding = 4; lastKnownFileType = sourcecode.c.objc; path = SettingsView.m; sourceTree = "<group>"; };
		7691E8D113782E3600578213 /* SettingsView.xib */ = {isa = PBXFileReference; fileEncoding = 4; lastKnownFileType = file.xib; path = SettingsView.xib; sourceTree = "<group>"; };
		7691E8DE137830CC00578213 /* iPadSettingsView.xib */ = {isa = PBXFileReference; fileEncoding = 4; lastKnownFileType = file.xib; path = iPadSettingsView.xib; sourceTree = "<group>"; };
		7691E8E1137832F700578213 /* Default.png */ = {isa = PBXFileReference; lastKnownFileType = image.png; path = Default.png; sourceTree = "<group>"; };
		7691E8F3137841AC00578213 /* UnfollowerListView.h */ = {isa = PBXFileReference; fileEncoding = 4; lastKnownFileType = sourcecode.c.h; path = UnfollowerListView.h; sourceTree = "<group>"; };
		7691E8F4137841AD00578213 /* UnfollowerListView.m */ = {isa = PBXFileReference; fileEncoding = 4; lastKnownFileType = sourcecode.c.objc; path = UnfollowerListView.m; sourceTree = "<group>"; };
		7691E8F5137841AD00578213 /* UnfollowerListView.xib */ = {isa = PBXFileReference; fileEncoding = 4; lastKnownFileType = file.xib; path = UnfollowerListView.xib; sourceTree = "<group>"; };
		7691E8F8137843E900578213 /* iAd.framework */ = {isa = PBXFileReference; lastKnownFileType = wrapper.framework; name = iAd.framework; path = System/Library/Frameworks/iAd.framework; sourceTree = SDKROOT; };
		7691E9DF13787BEC00578213 /* GameKit.framework */ = {isa = PBXFileReference; lastKnownFileType = wrapper.framework; name = GameKit.framework; path = System/Library/Frameworks/GameKit.framework; sourceTree = SDKROOT; };
		7691E9E113787BF800578213 /* CoreLocation.framework */ = {isa = PBXFileReference; lastKnownFileType = wrapper.framework; name = CoreLocation.framework; path = System/Library/Frameworks/CoreLocation.framework; sourceTree = SDKROOT; };
		7691E9E313787BFF00578213 /* MessageUI.framework */ = {isa = PBXFileReference; lastKnownFileType = wrapper.framework; name = MessageUI.framework; path = System/Library/Frameworks/MessageUI.framework; sourceTree = SDKROOT; };
		7691E9E513787C0600578213 /* Security.framework */ = {isa = PBXFileReference; lastKnownFileType = wrapper.framework; name = Security.framework; path = System/Library/Frameworks/Security.framework; sourceTree = SDKROOT; };
		7691E9E713787C0E00578213 /* SystemConfiguration.framework */ = {isa = PBXFileReference; lastKnownFileType = wrapper.framework; name = SystemConfiguration.framework; path = System/Library/Frameworks/SystemConfiguration.framework; sourceTree = SDKROOT; };
		7691EA1413788E7800578213 /* 01-refresh.png */ = {isa = PBXFileReference; lastKnownFileType = image.png; path = "01-refresh.png"; sourceTree = "<group>"; };
		7691EA1513788E7800578213 /* 19-gear.png */ = {isa = PBXFileReference; lastKnownFileType = image.png; path = "19-gear.png"; sourceTree = "<group>"; };
		7691EA1613788E7800578213 /* 23-bird.png */ = {isa = PBXFileReference; lastKnownFileType = image.png; path = "23-bird.png"; sourceTree = "<group>"; };
		7691EA1A13788F8900578213 /* AboutView.h */ = {isa = PBXFileReference; fileEncoding = 4; lastKnownFileType = sourcecode.c.h; path = AboutView.h; sourceTree = "<group>"; };
		7691EA1B13788F8900578213 /* AboutView.m */ = {isa = PBXFileReference; fileEncoding = 4; lastKnownFileType = sourcecode.c.objc; path = AboutView.m; sourceTree = "<group>"; };
		7691EA1C13788F8900578213 /* AboutView.xib */ = {isa = PBXFileReference; fileEncoding = 4; lastKnownFileType = file.xib; path = AboutView.xib; sourceTree = "<group>"; };
		76AF653F1533CCA90049193E /* F3Swirly.h */ = {isa = PBXFileReference; fileEncoding = 4; lastKnownFileType = sourcecode.c.h; path = F3Swirly.h; sourceTree = "<group>"; };
		76AF65401533CCA90049193E /* F3Swirly.m */ = {isa = PBXFileReference; fileEncoding = 4; lastKnownFileType = sourcecode.c.objc; path = F3Swirly.m; sourceTree = "<group>"; };
		76AF65431533D3090049193E /* QuartzCore.framework */ = {isa = PBXFileReference; lastKnownFileType = wrapper.framework; name = QuartzCore.framework; path = System/Library/Frameworks/QuartzCore.framework; sourceTree = SDKROOT; };
		76C0C85C137ABBF20090C285 /* iPadUnfollowerListView.xib */ = {isa = PBXFileReference; fileEncoding = 4; lastKnownFileType = file.xib; path = iPadUnfollowerListView.xib; sourceTree = "<group>"; };
		76C43EED14CCF3D00009F29A /* autum.jpg */ = {isa = PBXFileReference; lastKnownFileType = image.jpeg; path = autum.jpg; sourceTree = "<group>"; };
		76C43EEE14CCF3D00009F29A /* backbutton.png */ = {isa = PBXFileReference; lastKnownFileType = image.png; path = backbutton.png; sourceTree = "<group>"; };
		76C43EEF14CCF3D00009F29A /* desert.jpg */ = {isa = PBXFileReference; lastKnownFileType = image.jpeg; path = desert.jpg; sourceTree = "<group>"; };
		76C43EF114CCF3D00009F29A /* GradientFill.png */ = {isa = PBXFileReference; lastKnownFileType = image.png; path = GradientFill.png; sourceTree = "<group>"; };
		76C43EF214CCF3D00009F29A /* MovieTransportBackground-ChapterButton.png */ = {isa = PBXFileReference; lastKnownFileType = image.png; path = "MovieTransportBackground-ChapterButton.png"; sourceTree = "<group>"; };
		76C43EF314CCF3D00009F29A /* MovieTransportBackground-Chapters.png */ = {isa = PBXFileReference; lastKnownFileType = image.png; path = "MovieTransportBackground-Chapters.png"; sourceTree = "<group>"; };
		76C43EF414CCF3D00009F29A /* MovieTransportBackground-long.png */ = {isa = PBXFileReference; lastKnownFileType = image.png; path = "MovieTransportBackground-long.png"; sourceTree = "<group>"; };
		76C43EF514CCF3D00009F29A /* MovieTransportBackground.png */ = {isa = PBXFileReference; lastKnownFileType = image.png; path = MovieTransportBackground.png; sourceTree = "<group>"; };
		76C43EF614CCF3D00009F29A /* UIAlertSheetDefaultBackground.png */ = {isa = PBXFileReference; lastKnownFileType = image.png; path = UIAlertSheetDefaultBackground.png; sourceTree = "<group>"; };
		76C43EF714CCF3D00009F29A /* UILCDBackground.png */ = {isa = PBXFileReference; lastKnownFileType = image.png; path = UILCDBackground.png; sourceTree = "<group>"; };
		76C43EF814CCF3D00009F29A /* UIPopupAlertSheetBackground.png */ = {isa = PBXFileReference; lastKnownFileType = image.png; path = UIPopupAlertSheetBackground.png; sourceTree = "<group>"; };
		76C43EF914CCF3D00009F29A /* UITableSelection.png */ = {isa = PBXFileReference; lastKnownFileType = image.png; path = UITableSelection.png; sourceTree = "<group>"; };
		76C43EFA14CCF3D00009F29A /* lake.jpg */ = {isa = PBXFileReference; lastKnownFileType = image.jpeg; path = lake.jpg; sourceTree = "<group>"; };
		76C43EFB14CCF3D00009F29A /* raindrops.jpg */ = {isa = PBXFileReference; lastKnownFileType = image.jpeg; path = raindrops.jpg; sourceTree = "<group>"; };
		884B151115E7FD910030A2ED /* ServerRestUrl.h */ = {isa = PBXFileReference; fileEncoding = 4; lastKnownFileType = sourcecode.c.h; path = ServerRestUrl.h; sourceTree = "<group>"; };
		884B151215E7FD910030A2ED /* ServerRestUrl.m */ = {isa = PBXFileReference; fileEncoding = 4; lastKnownFileType = sourcecode.c.objc; path = ServerRestUrl.m; sourceTree = "<group>"; };
		884B151715E815200030A2ED /* SHKOAuthSharer.h */ = {isa = PBXFileReference; fileEncoding = 4; lastKnownFileType = sourcecode.c.h; path = SHKOAuthSharer.h; sourceTree = "<group>"; };
		884B151815E815200030A2ED /* SHKOAuthSharer.m */ = {isa = PBXFileReference; fileEncoding = 4; lastKnownFileType = sourcecode.c.objc; path = SHKOAuthSharer.m; sourceTree = "<group>"; };
		884B151915E815200030A2ED /* SHKSharer.h */ = {isa = PBXFileReference; fileEncoding = 4; lastKnownFileType = sourcecode.c.h; path = SHKSharer.h; sourceTree = "<group>"; };
		884B151A15E815200030A2ED /* SHKSharer.m */ = {isa = PBXFileReference; fileEncoding = 4; lastKnownFileType = sourcecode.c.objc; path = SHKSharer.m; sourceTree = "<group>"; };
		884B151C15E815200030A2ED /* UIWebView+SHK.h */ = {isa = PBXFileReference; fileEncoding = 4; lastKnownFileType = sourcecode.c.h; path = "UIWebView+SHK.h"; sourceTree = "<group>"; };
		884B151D15E815200030A2ED /* UIWebView+SHK.m */ = {isa = PBXFileReference; fileEncoding = 4; lastKnownFileType = sourcecode.c.objc; path = "UIWebView+SHK.m"; sourceTree = "<group>"; };
		884B152015E815200030A2ED /* SFHFKeychainUtils.h */ = {isa = PBXFileReference; fileEncoding = 4; lastKnownFileType = sourcecode.c.h; path = SFHFKeychainUtils.h; sourceTree = "<group>"; };
		884B152115E815200030A2ED /* SFHFKeychainUtils.m */ = {isa = PBXFileReference; fileEncoding = 4; lastKnownFileType = sourcecode.c.objc; path = SFHFKeychainUtils.m; sourceTree = "<group>"; };
		884B152415E815200030A2ED /* NSMutableURLRequest+Parameters.h */ = {isa = PBXFileReference; fileEncoding = 4; lastKnownFileType = sourcecode.c.h; path = "NSMutableURLRequest+Parameters.h"; sourceTree = "<group>"; };
		884B152515E815200030A2ED /* NSMutableURLRequest+Parameters.m */ = {isa = PBXFileReference; fileEncoding = 4; lastKnownFileType = sourcecode.c.objc; path = "NSMutableURLRequest+Parameters.m"; sourceTree = "<group>"; };
		884B152615E815200030A2ED /* NSString+URLEncoding.h */ = {isa = PBXFileReference; fileEncoding = 4; lastKnownFileType = sourcecode.c.h; path = "NSString+URLEncoding.h"; sourceTree = "<group>"; };
		884B152715E815200030A2ED /* NSString+URLEncoding.m */ = {isa = PBXFileReference; fileEncoding = 4; lastKnownFileType = sourcecode.c.objc; path = "NSString+URLEncoding.m"; sourceTree = "<group>"; };
		884B152815E815200030A2ED /* NSURL+Base.h */ = {isa = PBXFileReference; fileEncoding = 4; lastKnownFileType = sourcecode.c.h; path = "NSURL+Base.h"; sourceTree = "<group>"; };
		884B152915E815200030A2ED /* NSURL+Base.m */ = {isa = PBXFileReference; fileEncoding = 4; lastKnownFileType = sourcecode.c.objc; path = "NSURL+Base.m"; sourceTree = "<group>"; };
		884B152B15E815200030A2ED /* Base64Transcoder.c */ = {isa = PBXFileReference; fileEncoding = 4; lastKnownFileType = sourcecode.c.c; path = Base64Transcoder.c; sourceTree = "<group>"; };
		884B152C15E815200030A2ED /* Base64Transcoder.h */ = {isa = PBXFileReference; fileEncoding = 4; lastKnownFileType = sourcecode.c.h; path = Base64Transcoder.h; sourceTree = "<group>"; };
		884B152D15E815200030A2ED /* hmac.c */ = {isa = PBXFileReference; fileEncoding = 4; lastKnownFileType = sourcecode.c.c; path = hmac.c; sourceTree = "<group>"; };
		884B152E15E815200030A2ED /* hmac.h */ = {isa = PBXFileReference; fileEncoding = 4; lastKnownFileType = sourcecode.c.h; path = hmac.h; sourceTree = "<group>"; };
		884B152F15E815200030A2ED /* sha1.c */ = {isa = PBXFileReference; fileEncoding = 4; lastKnownFileType = sourcecode.c.c; path = sha1.c; sourceTree = "<group>"; };
		884B153015E815200030A2ED /* sha1.h */ = {isa = PBXFileReference; fileEncoding = 4; lastKnownFileType = sourcecode.c.h; path = sha1.h; sourceTree = "<group>"; };
		884B153115E815200030A2ED /* OAAsynchronousDataFetcher.h */ = {isa = PBXFileReference; fileEncoding = 4; lastKnownFileType = sourcecode.c.h; path = OAAsynchronousDataFetcher.h; sourceTree = "<group>"; };
		884B153215E815200030A2ED /* OAAsynchronousDataFetcher.m */ = {isa = PBXFileReference; fileEncoding = 4; lastKnownFileType = sourcecode.c.objc; path = OAAsynchronousDataFetcher.m; sourceTree = "<group>"; };
		884B153315E815200030A2ED /* OAConsumer.h */ = {isa = PBXFileReference; fileEncoding = 4; lastKnownFileType = sourcecode.c.h; path = OAConsumer.h; sourceTree = "<group>"; };
		884B153415E815200030A2ED /* OAConsumer.m */ = {isa = PBXFileReference; fileEncoding = 4; lastKnownFileType = sourcecode.c.objc; path = OAConsumer.m; sourceTree = "<group>"; };
		884B153515E815200030A2ED /* OADataFetcher.h */ = {isa = PBXFileReference; fileEncoding = 4; lastKnownFileType = sourcecode.c.h; path = OADataFetcher.h; sourceTree = "<group>"; };
		884B153615E815200030A2ED /* OADataFetcher.m */ = {isa = PBXFileReference; fileEncoding = 4; lastKnownFileType = sourcecode.c.objc; path = OADataFetcher.m; sourceTree = "<group>"; };
		884B153715E815200030A2ED /* OAHMAC_SHA1SignatureProvider.h */ = {isa = PBXFileReference; fileEncoding = 4; lastKnownFileType = sourcecode.c.h; path = OAHMAC_SHA1SignatureProvider.h; sourceTree = "<group>"; };
		884B153815E815200030A2ED /* OAHMAC_SHA1SignatureProvider.m */ = {isa = PBXFileReference; fileEncoding = 4; lastKnownFileType = sourcecode.c.objc; path = OAHMAC_SHA1SignatureProvider.m; sourceTree = "<group>"; };
		884B153915E815200030A2ED /* OAMutableURLRequest.h */ = {isa = PBXFileReference; fileEncoding = 4; lastKnownFileType = sourcecode.c.h; path = OAMutableURLRequest.h; sourceTree = "<group>"; };
		884B153A15E815200030A2ED /* OAMutableURLRequest.m */ = {isa = PBXFileReference; fileEncoding = 4; lastKnownFileType = sourcecode.c.objc; path = OAMutableURLRequest.m; sourceTree = "<group>"; };
		884B153B15E815200030A2ED /* OAPlaintextSignatureProvider.h */ = {isa = PBXFileReference; fileEncoding = 4; lastKnownFileType = sourcecode.c.h; path = OAPlaintextSignatureProvider.h; sourceTree = "<group>"; };
		884B153C15E815200030A2ED /* OAPlaintextSignatureProvider.m */ = {isa = PBXFileReference; fileEncoding = 4; lastKnownFileType = sourcecode.c.objc; path = OAPlaintextSignatureProvider.m; sourceTree = "<group>"; };
		884B153D15E815200030A2ED /* OARequestParameter.h */ = {isa = PBXFileReference; fileEncoding = 4; lastKnownFileType = sourcecode.c.h; path = OARequestParameter.h; sourceTree = "<group>"; };
		884B153E15E815200030A2ED /* OARequestParameter.m */ = {isa = PBXFileReference; fileEncoding = 4; lastKnownFileType = sourcecode.c.objc; path = OARequestParameter.m; sourceTree = "<group>"; };
		884B153F15E815200030A2ED /* OAServiceTicket.h */ = {isa = PBXFileReference; fileEncoding = 4; lastKnownFileType = sourcecode.c.h; path = OAServiceTicket.h; sourceTree = "<group>"; };
		884B154015E815200030A2ED /* OAServiceTicket.m */ = {isa = PBXFileReference; fileEncoding = 4; lastKnownFileType = sourcecode.c.objc; path = OAServiceTicket.m; sourceTree = "<group>"; };
		884B154115E815200030A2ED /* OASignatureProviding.h */ = {isa = PBXFileReference; fileEncoding = 4; lastKnownFileType = sourcecode.c.h; path = OASignatureProviding.h; sourceTree = "<group>"; };
		884B154215E815200030A2ED /* OAToken.h */ = {isa = PBXFileReference; fileEncoding = 4; lastKnownFileType = sourcecode.c.h; path = OAToken.h; sourceTree = "<group>"; };
		884B154315E815200030A2ED /* OAToken.m */ = {isa = PBXFileReference; fileEncoding = 4; lastKnownFileType = sourcecode.c.objc; path = OAToken.m; sourceTree = "<group>"; };
		884B154415E815200030A2ED /* OAuthConsumer.h */ = {isa = PBXFileReference; fileEncoding = 4; lastKnownFileType = sourcecode.c.h; path = OAuthConsumer.h; sourceTree = "<group>"; };
		884B154515E815200030A2ED /* SHKRequest.h */ = {isa = PBXFileReference; fileEncoding = 4; lastKnownFileType = sourcecode.c.h; path = SHKRequest.h; sourceTree = "<group>"; };
		884B154615E815200030A2ED /* SHKRequest.m */ = {isa = PBXFileReference; fileEncoding = 4; lastKnownFileType = sourcecode.c.objc; path = SHKRequest.m; sourceTree = "<group>"; };
		884B154715E815200030A2ED /* SHK.h */ = {isa = PBXFileReference; fileEncoding = 4; lastKnownFileType = sourcecode.c.h; path = SHK.h; sourceTree = "<group>"; };
		884B154815E815200030A2ED /* SHK.m */ = {isa = PBXFileReference; fileEncoding = 4; lastKnownFileType = sourcecode.c.objc; path = SHK.m; sourceTree = "<group>"; };
		884B154915E815200030A2ED /* SHKItem.h */ = {isa = PBXFileReference; fileEncoding = 4; lastKnownFileType = sourcecode.c.h; path = SHKItem.h; sourceTree = "<group>"; };
		884B154A15E815200030A2ED /* SHKItem.m */ = {isa = PBXFileReference; fileEncoding = 4; lastKnownFileType = sourcecode.c.objc; path = SHKItem.m; sourceTree = "<group>"; };
		884B154B15E815200030A2ED /* SHKOfflineSharer.h */ = {isa = PBXFileReference; fileEncoding = 4; lastKnownFileType = sourcecode.c.h; path = SHKOfflineSharer.h; sourceTree = "<group>"; };
		884B154C15E815200030A2ED /* SHKOfflineSharer.m */ = {isa = PBXFileReference; fileEncoding = 4; lastKnownFileType = sourcecode.c.objc; path = SHKOfflineSharer.m; sourceTree = "<group>"; };
		884B154D15E815200030A2ED /* SHKSharers.plist */ = {isa = PBXFileReference; fileEncoding = 4; lastKnownFileType = text.plist.xml; path = SHKSharers.plist; sourceTree = "<group>"; };
		884B154F15E815200030A2ED /* SHKCustomFormController.h */ = {isa = PBXFileReference; fileEncoding = 4; lastKnownFileType = sourcecode.c.h; path = SHKCustomFormController.h; sourceTree = "<group>"; };
		884B155015E815200030A2ED /* SHKCustomFormController.m */ = {isa = PBXFileReference; fileEncoding = 4; lastKnownFileType = sourcecode.c.objc; path = SHKCustomFormController.m; sourceTree = "<group>"; };
		884B155115E815200030A2ED /* SHKCustomFormFieldCell.h */ = {isa = PBXFileReference; fileEncoding = 4; lastKnownFileType = sourcecode.c.h; path = SHKCustomFormFieldCell.h; sourceTree = "<group>"; };
		884B155215E815200030A2ED /* SHKCustomFormFieldCell.m */ = {isa = PBXFileReference; fileEncoding = 4; lastKnownFileType = sourcecode.c.objc; path = SHKCustomFormFieldCell.m; sourceTree = "<group>"; };
		884B155315E815200030A2ED /* SHKCustomShareMenu.h */ = {isa = PBXFileReference; fileEncoding = 4; lastKnownFileType = sourcecode.c.h; path = SHKCustomShareMenu.h; sourceTree = "<group>"; };
		884B155415E815200030A2ED /* SHKCustomShareMenu.m */ = {isa = PBXFileReference; fileEncoding = 4; lastKnownFileType = sourcecode.c.objc; path = SHKCustomShareMenu.m; sourceTree = "<group>"; };
		884B155515E815200030A2ED /* SHKCustomShareMenuCell.h */ = {isa = PBXFileReference; fileEncoding = 4; lastKnownFileType = sourcecode.c.h; path = SHKCustomShareMenuCell.h; sourceTree = "<group>"; };
		884B155615E815200030A2ED /* SHKCustomShareMenuCell.m */ = {isa = PBXFileReference; fileEncoding = 4; lastKnownFileType = sourcecode.c.objc; path = SHKCustomShareMenuCell.m; sourceTree = "<group>"; };
		884B155915E815200030A2ED /* de */ = {isa = PBXFileReference; lastKnownFileType = text.plist.strings; name = de; path = de.lproj/Localizable.strings; sourceTree = "<group>"; };
		884B155A15E815200030A2ED /* en */ = {isa = PBXFileReference; lastKnownFileType = text.plist.strings; name = en; path = en.lproj/Localizable.strings; sourceTree = "<group>"; };
		884B155C15E815200030A2ED /* Reachability.h */ = {isa = PBXFileReference; fileEncoding = 4; lastKnownFileType = sourcecode.c.h; path = Reachability.h; sourceTree = "<group>"; };
		884B155D15E815200030A2ED /* Reachability.m */ = {isa = PBXFileReference; fileEncoding = 4; lastKnownFileType = sourcecode.c.objc; path = Reachability.m; sourceTree = "<group>"; };
		884B156115E815200030A2ED /* SHKCopy.h */ = {isa = PBXFileReference; fileEncoding = 4; lastKnownFileType = sourcecode.c.h; path = SHKCopy.h; sourceTree = "<group>"; };
		884B156215E815200030A2ED /* SHKCopy.m */ = {isa = PBXFileReference; fileEncoding = 4; lastKnownFileType = sourcecode.c.objc; path = SHKCopy.m; sourceTree = "<group>"; };
		884B156415E815200030A2ED /* SHKMail.h */ = {isa = PBXFileReference; fileEncoding = 4; lastKnownFileType = sourcecode.c.h; path = SHKMail.h; sourceTree = "<group>"; };
		884B156515E815200030A2ED /* SHKMail.m */ = {isa = PBXFileReference; fileEncoding = 4; lastKnownFileType = sourcecode.c.objc; path = SHKMail.m; sourceTree = "<group>"; };
		884B156715E815200030A2ED /* SHKSafari.h */ = {isa = PBXFileReference; fileEncoding = 4; lastKnownFileType = sourcecode.c.h; path = SHKSafari.h; sourceTree = "<group>"; };
		884B156815E815200030A2ED /* SHKSafari.m */ = {isa = PBXFileReference; fileEncoding = 4; lastKnownFileType = sourcecode.c.objc; path = SHKSafari.m; sourceTree = "<group>"; };
		884B156A15E815200030A2ED /* SHKPhotoAlbum.h */ = {isa = PBXFileReference; fileEncoding = 4; lastKnownFileType = sourcecode.c.h; path = SHKPhotoAlbum.h; sourceTree = "<group>"; };
		884B156B15E815200030A2ED /* SHKPhotoAlbum.m */ = {isa = PBXFileReference; fileEncoding = 4; lastKnownFileType = sourcecode.c.objc; path = SHKPhotoAlbum.m; sourceTree = "<group>"; };
		884B156E15E815200030A2ED /* SHKDelicious.h */ = {isa = PBXFileReference; fileEncoding = 4; lastKnownFileType = sourcecode.c.h; path = SHKDelicious.h; sourceTree = "<group>"; };
		884B156F15E815200030A2ED /* SHKDelicious.m */ = {isa = PBXFileReference; fileEncoding = 4; lastKnownFileType = sourcecode.c.objc; path = SHKDelicious.m; sourceTree = "<group>"; };
		884B157215E815200030A2ED /* FBConnect.bundle */ = {isa = PBXFileReference; lastKnownFileType = "wrapper.plug-in"; path = FBConnect.bundle; sourceTree = "<group>"; };
		884B157315E815200030A2ED /* FBConnect.h */ = {isa = PBXFileReference; fileEncoding = 4; lastKnownFileType = sourcecode.c.h; path = FBConnect.h; sourceTree = "<group>"; };
		884B157415E815200030A2ED /* FBConnectGlobal.h */ = {isa = PBXFileReference; fileEncoding = 4; lastKnownFileType = sourcecode.c.h; path = FBConnectGlobal.h; sourceTree = "<group>"; };
		884B157515E815200030A2ED /* FBConnectGlobal.m */ = {isa = PBXFileReference; fileEncoding = 4; lastKnownFileType = sourcecode.c.objc; path = FBConnectGlobal.m; sourceTree = "<group>"; };
		884B157615E815200030A2ED /* FBDialog.h */ = {isa = PBXFileReference; fileEncoding = 4; lastKnownFileType = sourcecode.c.h; path = FBDialog.h; sourceTree = "<group>"; };
		884B157715E815200030A2ED /* FBDialog.m */ = {isa = PBXFileReference; fileEncoding = 4; lastKnownFileType = sourcecode.c.objc; path = FBDialog.m; sourceTree = "<group>"; };
		884B157815E815200030A2ED /* FBFeedDialog.h */ = {isa = PBXFileReference; fileEncoding = 4; lastKnownFileType = sourcecode.c.h; path = FBFeedDialog.h; sourceTree = "<group>"; };
		884B157915E815200030A2ED /* FBFeedDialog.m */ = {isa = PBXFileReference; fileEncoding = 4; lastKnownFileType = sourcecode.c.objc; path = FBFeedDialog.m; sourceTree = "<group>"; };
		884B157A15E815200030A2ED /* FBLoginButton.h */ = {isa = PBXFileReference; fileEncoding = 4; lastKnownFileType = sourcecode.c.h; path = FBLoginButton.h; sourceTree = "<group>"; };
		884B157B15E815200030A2ED /* FBLoginButton.m */ = {isa = PBXFileReference; fileEncoding = 4; lastKnownFileType = sourcecode.c.objc; path = FBLoginButton.m; sourceTree = "<group>"; };
		884B157C15E815200030A2ED /* FBLoginDialog.h */ = {isa = PBXFileReference; fileEncoding = 4; lastKnownFileType = sourcecode.c.h; path = FBLoginDialog.h; sourceTree = "<group>"; };
		884B157D15E815200030A2ED /* FBLoginDialog.m */ = {isa = PBXFileReference; fileEncoding = 4; lastKnownFileType = sourcecode.c.objc; path = FBLoginDialog.m; sourceTree = "<group>"; };
		884B157E15E815200030A2ED /* FBPermissionDialog.h */ = {isa = PBXFileReference; fileEncoding = 4; lastKnownFileType = sourcecode.c.h; path = FBPermissionDialog.h; sourceTree = "<group>"; };
		884B157F15E815200030A2ED /* FBPermissionDialog.m */ = {isa = PBXFileReference; fileEncoding = 4; lastKnownFileType = sourcecode.c.objc; path = FBPermissionDialog.m; sourceTree = "<group>"; };
		884B158015E815200030A2ED /* FBRequest.h */ = {isa = PBXFileReference; fileEncoding = 4; lastKnownFileType = sourcecode.c.h; path = FBRequest.h; sourceTree = "<group>"; };
		884B158115E815200030A2ED /* FBRequest.m */ = {isa = PBXFileReference; fileEncoding = 4; lastKnownFileType = sourcecode.c.objc; path = FBRequest.m; sourceTree = "<group>"; };
		884B158215E815200030A2ED /* FBSession.h */ = {isa = PBXFileReference; fileEncoding = 4; lastKnownFileType = sourcecode.c.h; path = FBSession.h; sourceTree = "<group>"; };
		884B158315E815200030A2ED /* FBSession.m */ = {isa = PBXFileReference; fileEncoding = 4; lastKnownFileType = sourcecode.c.objc; path = FBSession.m; sourceTree = "<group>"; };
		884B158415E815200030A2ED /* FBStreamDialog.h */ = {isa = PBXFileReference; fileEncoding = 4; lastKnownFileType = sourcecode.c.h; path = FBStreamDialog.h; sourceTree = "<group>"; };
		884B158515E815200030A2ED /* FBStreamDialog.m */ = {isa = PBXFileReference; fileEncoding = 4; lastKnownFileType = sourcecode.c.objc; path = FBStreamDialog.m; sourceTree = "<group>"; };
		884B158615E815200030A2ED /* FBXMLHandler.h */ = {isa = PBXFileReference; fileEncoding = 4; lastKnownFileType = sourcecode.c.h; path = FBXMLHandler.h; sourceTree = "<group>"; };
		884B158715E815200030A2ED /* FBXMLHandler.m */ = {isa = PBXFileReference; fileEncoding = 4; lastKnownFileType = sourcecode.c.objc; path = FBXMLHandler.m; sourceTree = "<group>"; };
		884B158815E815200030A2ED /* SHKFacebook.h */ = {isa = PBXFileReference; fileEncoding = 4; lastKnownFileType = sourcecode.c.h; path = SHKFacebook.h; sourceTree = "<group>"; };
		884B158915E815200030A2ED /* SHKFacebook.m */ = {isa = PBXFileReference; fileEncoding = 4; lastKnownFileType = sourcecode.c.objc; path = SHKFacebook.m; sourceTree = "<group>"; };
		884B158A15E815200030A2ED /* SHKFBStreamDialog.h */ = {isa = PBXFileReference; fileEncoding = 4; lastKnownFileType = sourcecode.c.h; path = SHKFBStreamDialog.h; sourceTree = "<group>"; };
		884B158B15E815200030A2ED /* SHKFBStreamDialog.m */ = {isa = PBXFileReference; fileEncoding = 4; lastKnownFileType = sourcecode.c.objc; path = SHKFBStreamDialog.m; sourceTree = "<group>"; };
		884B158D15E815200030A2ED /* SHKGoogleReader.h */ = {isa = PBXFileReference; fileEncoding = 4; lastKnownFileType = sourcecode.c.h; path = SHKGoogleReader.h; sourceTree = "<group>"; };
		884B158E15E815200030A2ED /* SHKGoogleReader.m */ = {isa = PBXFileReference; fileEncoding = 4; lastKnownFileType = sourcecode.c.objc; path = SHKGoogleReader.m; sourceTree = "<group>"; };
		884B159015E815200030A2ED /* SHKInstapaper.h */ = {isa = PBXFileReference; fileEncoding = 4; lastKnownFileType = sourcecode.c.h; path = SHKInstapaper.h; sourceTree = "<group>"; };
		884B159115E815200030A2ED /* SHKInstapaper.m */ = {isa = PBXFileReference; fileEncoding = 4; lastKnownFileType = sourcecode.c.objc; path = SHKInstapaper.m; sourceTree = "<group>"; };
		884B159315E815200030A2ED /* SHKPinboard.h */ = {isa = PBXFileReference; fileEncoding = 4; lastKnownFileType = sourcecode.c.h; path = SHKPinboard.h; sourceTree = "<group>"; };
		884B159415E815200030A2ED /* SHKPinboard.m */ = {isa = PBXFileReference; fileEncoding = 4; lastKnownFileType = sourcecode.c.objc; path = SHKPinboard.m; sourceTree = "<group>"; };
		884B159615E815200030A2ED /* SHKReadItLater.h */ = {isa = PBXFileReference; fileEncoding = 4; lastKnownFileType = sourcecode.c.h; path = SHKReadItLater.h; sourceTree = "<group>"; };
		884B159715E815200030A2ED /* SHKReadItLater.m */ = {isa = PBXFileReference; fileEncoding = 4; lastKnownFileType = sourcecode.c.objc; path = SHKReadItLater.m; sourceTree = "<group>"; };
		884B159915E815200030A2ED /* SHKTumblr.h */ = {isa = PBXFileReference; fileEncoding = 4; lastKnownFileType = sourcecode.c.h; path = SHKTumblr.h; sourceTree = "<group>"; };
		884B159A15E815200030A2ED /* SHKTumblr.m */ = {isa = PBXFileReference; fileEncoding = 4; lastKnownFileType = sourcecode.c.objc; path = SHKTumblr.m; sourceTree = "<group>"; };
		884B159C15E815200030A2ED /* SHKTwitter.h */ = {isa = PBXFileReference; fileEncoding = 4; lastKnownFileType = sourcecode.c.h; path = SHKTwitter.h; sourceTree = "<group>"; };
		884B159D15E815200030A2ED /* SHKTwitter.m */ = {isa = PBXFileReference; fileEncoding = 4; lastKnownFileType = sourcecode.c.objc; path = SHKTwitter.m; sourceTree = "<group>"; };
		884B159E15E815200030A2ED /* SHKTwitterForm.h */ = {isa = PBXFileReference; fileEncoding = 4; lastKnownFileType = sourcecode.c.h; path = SHKTwitterForm.h; sourceTree = "<group>"; };
		884B159F15E815200030A2ED /* SHKTwitterForm.m */ = {isa = PBXFileReference; fileEncoding = 4; lastKnownFileType = sourcecode.c.objc; path = SHKTwitterForm.m; sourceTree = "<group>"; };
		884B15A015E815200030A2ED /* SHKConfig.h */ = {isa = PBXFileReference; fileEncoding = 4; lastKnownFileType = sourcecode.c.h; path = SHKConfig.h; sourceTree = "<group>"; };
		884B15A215E815200030A2ED /* SHKActionSheet.h */ = {isa = PBXFileReference; fileEncoding = 4; lastKnownFileType = sourcecode.c.h; path = SHKActionSheet.h; sourceTree = "<group>"; };
		884B15A315E815200030A2ED /* SHKActionSheet.m */ = {isa = PBXFileReference; fileEncoding = 4; lastKnownFileType = sourcecode.c.objc; path = SHKActionSheet.m; sourceTree = "<group>"; };
		884B15A415E815200030A2ED /* SHKActivityIndicator.h */ = {isa = PBXFileReference; fileEncoding = 4; lastKnownFileType = sourcecode.c.h; path = SHKActivityIndicator.h; sourceTree = "<group>"; };
		884B15A515E815200030A2ED /* SHKActivityIndicator.m */ = {isa = PBXFileReference; fileEncoding = 4; lastKnownFileType = sourcecode.c.objc; path = SHKActivityIndicator.m; sourceTree = "<group>"; };
		884B15A615E815200030A2ED /* SHKFormController.h */ = {isa = PBXFileReference; fileEncoding = 4; lastKnownFileType = sourcecode.c.h; path = SHKFormController.h; sourceTree = "<group>"; };
		884B15A715E815200030A2ED /* SHKFormController.m */ = {isa = PBXFileReference; fileEncoding = 4; lastKnownFileType = sourcecode.c.objc; path = SHKFormController.m; sourceTree = "<group>"; };
		884B15A815E815200030A2ED /* SHKFormFieldCell.h */ = {isa = PBXFileReference; fileEncoding = 4; lastKnownFileType = sourcecode.c.h; path = SHKFormFieldCell.h; sourceTree = "<group>"; };
		884B15A915E815200030A2ED /* SHKFormFieldCell.m */ = {isa = PBXFileReference; fileEncoding = 4; lastKnownFileType = sourcecode.c.objc; path = SHKFormFieldCell.m; sourceTree = "<group>"; };
		884B15AA15E815200030A2ED /* SHKFormFieldSettings.h */ = {isa = PBXFileReference; fileEncoding = 4; lastKnownFileType = sourcecode.c.h; path = SHKFormFieldSettings.h; sourceTree = "<group>"; };
		884B15AB15E815200030A2ED /* SHKFormFieldSettings.m */ = {isa = PBXFileReference; fileEncoding = 4; lastKnownFileType = sourcecode.c.objc; path = SHKFormFieldSettings.m; sourceTree = "<group>"; };
		884B15AC15E815200030A2ED /* SHKOAuthView.h */ = {isa = PBXFileReference; fileEncoding = 4; lastKnownFileType = sourcecode.c.h; path = SHKOAuthView.h; sourceTree = "<group>"; };
		884B15AD15E815200030A2ED /* SHKOAuthView.m */ = {isa = PBXFileReference; fileEncoding = 4; lastKnownFileType = sourcecode.c.objc; path = SHKOAuthView.m; sourceTree = "<group>"; };
		884B15AE15E815200030A2ED /* SHKShareMenu.h */ = {isa = PBXFileReference; fileEncoding = 4; lastKnownFileType = sourcecode.c.h; path = SHKShareMenu.h; sourceTree = "<group>"; };
		884B15AF15E815200030A2ED /* SHKShareMenu.m */ = {isa = PBXFileReference; fileEncoding = 4; lastKnownFileType = sourcecode.c.objc; path = SHKShareMenu.m; sourceTree = "<group>"; };
		884B15B015E815200030A2ED /* SHKViewControllerWrapper.h */ = {isa = PBXFileReference; fileEncoding = 4; lastKnownFileType = sourcecode.c.h; path = SHKViewControllerWrapper.h; sourceTree = "<group>"; };
		884B15B115E815200030A2ED /* SHKViewControllerWrapper.m */ = {isa = PBXFileReference; fileEncoding = 4; lastKnownFileType = sourcecode.c.objc; path = SHKViewControllerWrapper.m; sourceTree = "<group>"; };
/* End PBXFileReference section */

/* Begin PBXFrameworksBuildPhase section */
		7691E89813782D1900578213 /* Frameworks */ = {
			isa = PBXFrameworksBuildPhase;
			buildActionMask = 2147483647;
			files = (
				76AF65441533D3090049193E /* QuartzCore.framework in Frameworks */,
				7691E9E813787C0E00578213 /* SystemConfiguration.framework in Frameworks */,
				7691E9E613787C0600578213 /* Security.framework in Frameworks */,
				7691E9E413787BFF00578213 /* MessageUI.framework in Frameworks */,
				7691E9E213787BF800578213 /* CoreLocation.framework in Frameworks */,
				7691E9E013787BEC00578213 /* GameKit.framework in Frameworks */,
				7691E8F9137843E900578213 /* iAd.framework in Frameworks */,
				7691E8A013782D1900578213 /* UIKit.framework in Frameworks */,
				7691E8A213782D1A00578213 /* Foundation.framework in Frameworks */,
				7691E8A413782D1A00578213 /* CoreGraphics.framework in Frameworks */,
			);
			runOnlyForDeploymentPostprocessing = 0;
		};
/* End PBXFrameworksBuildPhase section */

/* Begin PBXGroup section */
		7691E89013782D1900578213 = {
			isa = PBXGroup;
			children = (
				7619381D1602EBDD00CA6B47 /* Default-568h@2x.png */,
				76AF65431533D3090049193E /* QuartzCore.framework */,
				7691E9E713787C0E00578213 /* SystemConfiguration.framework */,
				7691E9E513787C0600578213 /* Security.framework */,
				7691E9E313787BFF00578213 /* MessageUI.framework */,
				7691E9E113787BF800578213 /* CoreLocation.framework */,
				7691E9DF13787BEC00578213 /* GameKit.framework */,
				7691E8F8137843E900578213 /* iAd.framework */,
				7691E8A513782D1A00578213 /* Unfollower */,
				7691E89E13782D1900578213 /* Frameworks */,
				7691E89C13782D1900578213 /* Products */,
			);
			sourceTree = "<group>";
		};
		7691E89C13782D1900578213 /* Products */ = {
			isa = PBXGroup;
			children = (
				7691E89B13782D1900578213 /* Unfollower.app */,
			);
			name = Products;
			sourceTree = "<group>";
		};
		7691E89E13782D1900578213 /* Frameworks */ = {
			isa = PBXGroup;
			children = (
				7691E89F13782D1900578213 /* UIKit.framework */,
				7691E8A113782D1900578213 /* Foundation.framework */,
				7691E8A313782D1A00578213 /* CoreGraphics.framework */,
			);
			name = Frameworks;
			sourceTree = "<group>";
		};
		7691E8A513782D1A00578213 /* Unfollower */ = {
			isa = PBXGroup;
			children = (
				884B151415E815200030A2ED /* ShareKit */,
				884B150F15E7FD770030A2ED /* Constants */,
				76AF653E1533CCA90049193E /* Activity */,
				7691E8C413782D8B00578213 /* Resources */,
				7691E8AE13782D1A00578213 /* UnfollowerAppDelegate.h */,
				7691E8AF13782D1A00578213 /* UnfollowerAppDelegate.m */,
				7691E8B113782D1A00578213 /* iPhone */,
				7691E8B813782D1A00578213 /* iPad */,
				7691E8A613782D1A00578213 /* Supporting Files */,
			);
			path = Unfollower;
			sourceTree = "<group>";
		};
		7691E8A613782D1A00578213 /* Supporting Files */ = {
			isa = PBXGroup;
			children = (
				7691E8A713782D1A00578213 /* Unfollower-Info.plist */,
				7691E8A813782D1A00578213 /* InfoPlist.strings */,
				7691E8AB13782D1A00578213 /* Unfollower-Prefix.pch */,
				7691E8AC13782D1A00578213 /* main.m */,
			);
			name = "Supporting Files";
			sourceTree = "<group>";
		};
		7691E8B113782D1A00578213 /* iPhone */ = {
			isa = PBXGroup;
			children = (
				7691E8B213782D1A00578213 /* UnfollowerAppDelegate_iPhone.h */,
				7691E8B313782D1A00578213 /* UnfollowerAppDelegate_iPhone.m */,
				7691E8B513782D1A00578213 /* MainWindow_iPhone.xib */,
				7691E8CF13782E3600578213 /* SettingsView.h */,
				7691E8D013782E3600578213 /* SettingsView.m */,
				7691E8D113782E3600578213 /* SettingsView.xib */,
				7691E8F3137841AC00578213 /* UnfollowerListView.h */,
				7691E8F4137841AD00578213 /* UnfollowerListView.m */,
				7691E8F5137841AD00578213 /* UnfollowerListView.xib */,
				7691EA1A13788F8900578213 /* AboutView.h */,
				7691EA1B13788F8900578213 /* AboutView.m */,
				7691EA1C13788F8900578213 /* AboutView.xib */,
				7690983B137CB7CC00392018 /* ShowUserView.h */,
				7690983C137CB7CC00392018 /* ShowUserView.m */,
				7690983D137CB7CC00392018 /* ShowUserView.xib */,
				760ED9C114EE02D000F727FE /* DownloadTheFacebook.h */,
				760ED9C214EE02D000F727FE /* DownloadTheFacebook.m */,
				760ED9C314EE02D100F727FE /* DownloadTheFacebook.xib */,
			);
			name = iPhone;
			sourceTree = "<group>";
		};
		7691E8B813782D1A00578213 /* iPad */ = {
			isa = PBXGroup;
			children = (
				7691E8B913782D1A00578213 /* UnfollowerAppDelegate_iPad.h */,
				7691E8BA13782D1A00578213 /* UnfollowerAppDelegate_iPad.m */,
				7691E8BC13782D1A00578213 /* MainWindow_iPad.xib */,
				7691E8DE137830CC00578213 /* iPadSettingsView.xib */,
				76C0C85C137ABBF20090C285 /* iPadUnfollowerListView.xib */,
			);
			name = iPad;
			sourceTree = "<group>";
		};
		7691E8C413782D8B00578213 /* Resources */ = {
			isa = PBXGroup;
			children = (
				76C43EEC14CCF3D00009F29A /* NewLook */,
				768960671381B5E900670E8A /* matrix.jpg */,
				768960681381B5E900670E8A /* matrix.png */,
				7691EA1413788E7800578213 /* 01-refresh.png */,
				7691EA1513788E7800578213 /* 19-gear.png */,
				7691EA1613788E7800578213 /* 23-bird.png */,
				7691E8E1137832F700578213 /* Default.png */,
				7691E8C613782D8B00578213 /* Icon-72.png */,
				7691E8C713782D8B00578213 /* Icon.png */,
				7691E8C813782D8B00578213 /* Icon512.png */,
				7691E8C913782D8B00578213 /* Icon@2x.png */,
			);
			path = Resources;
			sourceTree = "<group>";
		};
		76AF653E1533CCA90049193E /* Activity */ = {
			isa = PBXGroup;
			children = (
				76AF653F1533CCA90049193E /* F3Swirly.h */,
				76AF65401533CCA90049193E /* F3Swirly.m */,
			);
			path = Activity;
			sourceTree = "<group>";
		};
		76C43EEC14CCF3D00009F29A /* NewLook */ = {
			isa = PBXGroup;
			children = (
				76C43EED14CCF3D00009F29A /* autum.jpg */,
				76C43EEE14CCF3D00009F29A /* backbutton.png */,
				76C43EEF14CCF3D00009F29A /* desert.jpg */,
				76C43EF014CCF3D00009F29A /* Dialogs */,
				76C43EFA14CCF3D00009F29A /* lake.jpg */,
				76C43EFB14CCF3D00009F29A /* raindrops.jpg */,
			);
			path = NewLook;
			sourceTree = "<group>";
		};
		76C43EF014CCF3D00009F29A /* Dialogs */ = {
			isa = PBXGroup;
			children = (
				76C43EF114CCF3D00009F29A /* GradientFill.png */,
				76C43EF214CCF3D00009F29A /* MovieTransportBackground-ChapterButton.png */,
				76C43EF314CCF3D00009F29A /* MovieTransportBackground-Chapters.png */,
				76C43EF414CCF3D00009F29A /* MovieTransportBackground-long.png */,
				76C43EF514CCF3D00009F29A /* MovieTransportBackground.png */,
				76C43EF614CCF3D00009F29A /* UIAlertSheetDefaultBackground.png */,
				76C43EF714CCF3D00009F29A /* UILCDBackground.png */,
				76C43EF814CCF3D00009F29A /* UIPopupAlertSheetBackground.png */,
				76C43EF914CCF3D00009F29A /* UITableSelection.png */,
			);
			path = Dialogs;
			sourceTree = "<group>";
		};
		884B150F15E7FD770030A2ED /* Constants */ = {
			isa = PBXGroup;
			children = (
				884B151115E7FD910030A2ED /* ServerRestUrl.h */,
				884B151215E7FD910030A2ED /* ServerRestUrl.m */,
			);
			name = Constants;
			sourceTree = "<group>";
		};
		884B151415E815200030A2ED /* ShareKit */ = {
			isa = PBXGroup;
			children = (
				884B151515E815200030A2ED /* Core */,
				884B154E15E815200030A2ED /* Customize UI */,
				884B155715E815200030A2ED /* Localization */,
				884B155B15E815200030A2ED /* Reachability */,
				884B155E15E815200030A2ED /* Sharers */,
				884B15A015E815200030A2ED /* SHKConfig.h */,
				884B15A115E815200030A2ED /* UI */,
			);
			path = ShareKit;
			sourceTree = "<group>";
		};
		884B151515E815200030A2ED /* Core */ = {
			isa = PBXGroup;
			children = (
				884B151615E815200030A2ED /* Base Sharer Classes */,
				884B151B15E815200030A2ED /* Categories */,
				884B151E15E815200030A2ED /* Helpers */,
				884B154715E815200030A2ED /* SHK.h */,
				884B154815E815200030A2ED /* SHK.m */,
				884B154915E815200030A2ED /* SHKItem.h */,
				884B154A15E815200030A2ED /* SHKItem.m */,
				884B154B15E815200030A2ED /* SHKOfflineSharer.h */,
				884B154C15E815200030A2ED /* SHKOfflineSharer.m */,
				884B154D15E815200030A2ED /* SHKSharers.plist */,
			);
			path = Core;
			sourceTree = "<group>";
		};
		884B151615E815200030A2ED /* Base Sharer Classes */ = {
			isa = PBXGroup;
			children = (
				884B151715E815200030A2ED /* SHKOAuthSharer.h */,
				884B151815E815200030A2ED /* SHKOAuthSharer.m */,
				884B151915E815200030A2ED /* SHKSharer.h */,
				884B151A15E815200030A2ED /* SHKSharer.m */,
			);
			path = "Base Sharer Classes";
			sourceTree = "<group>";
		};
		884B151B15E815200030A2ED /* Categories */ = {
			isa = PBXGroup;
			children = (
				884B151C15E815200030A2ED /* UIWebView+SHK.h */,
				884B151D15E815200030A2ED /* UIWebView+SHK.m */,
			);
			path = Categories;
			sourceTree = "<group>";
		};
		884B151E15E815200030A2ED /* Helpers */ = {
			isa = PBXGroup;
			children = (
				884B151F15E815200030A2ED /* Keychain */,
				884B152215E815200030A2ED /* OAuth */,
				884B154515E815200030A2ED /* SHKRequest.h */,
				884B154615E815200030A2ED /* SHKRequest.m */,
			);
			path = Helpers;
			sourceTree = "<group>";
		};
		884B151F15E815200030A2ED /* Keychain */ = {
			isa = PBXGroup;
			children = (
				884B152015E815200030A2ED /* SFHFKeychainUtils.h */,
				884B152115E815200030A2ED /* SFHFKeychainUtils.m */,
			);
			path = Keychain;
			sourceTree = "<group>";
		};
		884B152215E815200030A2ED /* OAuth */ = {
			isa = PBXGroup;
			children = (
				884B152315E815200030A2ED /* Categories */,
				884B152A15E815200030A2ED /* Crytpo */,
				884B153115E815200030A2ED /* OAAsynchronousDataFetcher.h */,
				884B153215E815200030A2ED /* OAAsynchronousDataFetcher.m */,
				884B153315E815200030A2ED /* OAConsumer.h */,
				884B153415E815200030A2ED /* OAConsumer.m */,
				884B153515E815200030A2ED /* OADataFetcher.h */,
				884B153615E815200030A2ED /* OADataFetcher.m */,
				884B153715E815200030A2ED /* OAHMAC_SHA1SignatureProvider.h */,
				884B153815E815200030A2ED /* OAHMAC_SHA1SignatureProvider.m */,
				884B153915E815200030A2ED /* OAMutableURLRequest.h */,
				884B153A15E815200030A2ED /* OAMutableURLRequest.m */,
				884B153B15E815200030A2ED /* OAPlaintextSignatureProvider.h */,
				884B153C15E815200030A2ED /* OAPlaintextSignatureProvider.m */,
				884B153D15E815200030A2ED /* OARequestParameter.h */,
				884B153E15E815200030A2ED /* OARequestParameter.m */,
				884B153F15E815200030A2ED /* OAServiceTicket.h */,
				884B154015E815200030A2ED /* OAServiceTicket.m */,
				884B154115E815200030A2ED /* OASignatureProviding.h */,
				884B154215E815200030A2ED /* OAToken.h */,
				884B154315E815200030A2ED /* OAToken.m */,
				884B154415E815200030A2ED /* OAuthConsumer.h */,
			);
			path = OAuth;
			sourceTree = "<group>";
		};
		884B152315E815200030A2ED /* Categories */ = {
			isa = PBXGroup;
			children = (
				884B152415E815200030A2ED /* NSMutableURLRequest+Parameters.h */,
				884B152515E815200030A2ED /* NSMutableURLRequest+Parameters.m */,
				884B152615E815200030A2ED /* NSString+URLEncoding.h */,
				884B152715E815200030A2ED /* NSString+URLEncoding.m */,
				884B152815E815200030A2ED /* NSURL+Base.h */,
				884B152915E815200030A2ED /* NSURL+Base.m */,
			);
			path = Categories;
			sourceTree = "<group>";
		};
		884B152A15E815200030A2ED /* Crytpo */ = {
			isa = PBXGroup;
			children = (
				884B152B15E815200030A2ED /* Base64Transcoder.c */,
				884B152C15E815200030A2ED /* Base64Transcoder.h */,
				884B152D15E815200030A2ED /* hmac.c */,
				884B152E15E815200030A2ED /* hmac.h */,
				884B152F15E815200030A2ED /* sha1.c */,
				884B153015E815200030A2ED /* sha1.h */,
			);
			path = Crytpo;
			sourceTree = "<group>";
		};
		884B154E15E815200030A2ED /* Customize UI */ = {
			isa = PBXGroup;
			children = (
				884B154F15E815200030A2ED /* SHKCustomFormController.h */,
				884B155015E815200030A2ED /* SHKCustomFormController.m */,
				884B155115E815200030A2ED /* SHKCustomFormFieldCell.h */,
				884B155215E815200030A2ED /* SHKCustomFormFieldCell.m */,
				884B155315E815200030A2ED /* SHKCustomShareMenu.h */,
				884B155415E815200030A2ED /* SHKCustomShareMenu.m */,
				884B155515E815200030A2ED /* SHKCustomShareMenuCell.h */,
				884B155615E815200030A2ED /* SHKCustomShareMenuCell.m */,
			);
			path = "Customize UI";
			sourceTree = "<group>";
		};
		884B155715E815200030A2ED /* Localization */ = {
			isa = PBXGroup;
			children = (
				884B155815E815200030A2ED /* Localizable.strings */,
			);
			path = Localization;
			sourceTree = "<group>";
		};
		884B155B15E815200030A2ED /* Reachability */ = {
			isa = PBXGroup;
			children = (
				884B155C15E815200030A2ED /* Reachability.h */,
				884B155D15E815200030A2ED /* Reachability.m */,
			);
			path = Reachability;
			sourceTree = "<group>";
		};
		884B155E15E815200030A2ED /* Sharers */ = {
			isa = PBXGroup;
			children = (
				884B155F15E815200030A2ED /* Actions */,
				884B156C15E815200030A2ED /* Services */,
			);
			path = Sharers;
			sourceTree = "<group>";
		};
		884B155F15E815200030A2ED /* Actions */ = {
			isa = PBXGroup;
			children = (
				884B156015E815200030A2ED /* Copy */,
				884B156315E815200030A2ED /* Email */,
				884B156615E815200030A2ED /* Open in Safari */,
				884B156915E815200030A2ED /* Save to Album */,
			);
			path = Actions;
			sourceTree = "<group>";
		};
		884B156015E815200030A2ED /* Copy */ = {
			isa = PBXGroup;
			children = (
				884B156115E815200030A2ED /* SHKCopy.h */,
				884B156215E815200030A2ED /* SHKCopy.m */,
			);
			path = Copy;
			sourceTree = "<group>";
		};
		884B156315E815200030A2ED /* Email */ = {
			isa = PBXGroup;
			children = (
				884B156415E815200030A2ED /* SHKMail.h */,
				884B156515E815200030A2ED /* SHKMail.m */,
			);
			path = Email;
			sourceTree = "<group>";
		};
		884B156615E815200030A2ED /* Open in Safari */ = {
			isa = PBXGroup;
			children = (
				884B156715E815200030A2ED /* SHKSafari.h */,
				884B156815E815200030A2ED /* SHKSafari.m */,
			);
			path = "Open in Safari";
			sourceTree = "<group>";
		};
		884B156915E815200030A2ED /* Save to Album */ = {
			isa = PBXGroup;
			children = (
				884B156A15E815200030A2ED /* SHKPhotoAlbum.h */,
				884B156B15E815200030A2ED /* SHKPhotoAlbum.m */,
			);
			path = "Save to Album";
			sourceTree = "<group>";
		};
		884B156C15E815200030A2ED /* Services */ = {
			isa = PBXGroup;
			children = (
				884B156D15E815200030A2ED /* Delicious */,
				884B157015E815200030A2ED /* Facebook */,
				884B158C15E815200030A2ED /* Google Reader */,
				884B158F15E815200030A2ED /* Instapaper */,
				884B159215E815200030A2ED /* Pinboard */,
				884B159515E815200030A2ED /* Read It Later */,
				884B159815E815200030A2ED /* Tumblr */,
				884B159B15E815200030A2ED /* Twitter */,
			);
			path = Services;
			sourceTree = "<group>";
		};
		884B156D15E815200030A2ED /* Delicious */ = {
			isa = PBXGroup;
			children = (
				884B156E15E815200030A2ED /* SHKDelicious.h */,
				884B156F15E815200030A2ED /* SHKDelicious.m */,
			);
			path = Delicious;
			sourceTree = "<group>";
		};
		884B157015E815200030A2ED /* Facebook */ = {
			isa = PBXGroup;
			children = (
				884B157115E815200030A2ED /* FBConnect */,
				884B158815E815200030A2ED /* SHKFacebook.h */,
				884B158915E815200030A2ED /* SHKFacebook.m */,
				884B158A15E815200030A2ED /* SHKFBStreamDialog.h */,
				884B158B15E815200030A2ED /* SHKFBStreamDialog.m */,
			);
			path = Facebook;
			sourceTree = "<group>";
		};
		884B157115E815200030A2ED /* FBConnect */ = {
			isa = PBXGroup;
			children = (
				884B157215E815200030A2ED /* FBConnect.bundle */,
				884B157315E815200030A2ED /* FBConnect.h */,
				884B157415E815200030A2ED /* FBConnectGlobal.h */,
				884B157515E815200030A2ED /* FBConnectGlobal.m */,
				884B157615E815200030A2ED /* FBDialog.h */,
				884B157715E815200030A2ED /* FBDialog.m */,
				884B157815E815200030A2ED /* FBFeedDialog.h */,
				884B157915E815200030A2ED /* FBFeedDialog.m */,
				884B157A15E815200030A2ED /* FBLoginButton.h */,
				884B157B15E815200030A2ED /* FBLoginButton.m */,
				884B157C15E815200030A2ED /* FBLoginDialog.h */,
				884B157D15E815200030A2ED /* FBLoginDialog.m */,
				884B157E15E815200030A2ED /* FBPermissionDialog.h */,
				884B157F15E815200030A2ED /* FBPermissionDialog.m */,
				884B158015E815200030A2ED /* FBRequest.h */,
				884B158115E815200030A2ED /* FBRequest.m */,
				884B158215E815200030A2ED /* FBSession.h */,
				884B158315E815200030A2ED /* FBSession.m */,
				884B158415E815200030A2ED /* FBStreamDialog.h */,
				884B158515E815200030A2ED /* FBStreamDialog.m */,
				884B158615E815200030A2ED /* FBXMLHandler.h */,
				884B158715E815200030A2ED /* FBXMLHandler.m */,
			);
			path = FBConnect;
			sourceTree = "<group>";
		};
		884B158C15E815200030A2ED /* Google Reader */ = {
			isa = PBXGroup;
			children = (
				884B158D15E815200030A2ED /* SHKGoogleReader.h */,
				884B158E15E815200030A2ED /* SHKGoogleReader.m */,
			);
			path = "Google Reader";
			sourceTree = "<group>";
		};
		884B158F15E815200030A2ED /* Instapaper */ = {
			isa = PBXGroup;
			children = (
				884B159015E815200030A2ED /* SHKInstapaper.h */,
				884B159115E815200030A2ED /* SHKInstapaper.m */,
			);
			path = Instapaper;
			sourceTree = "<group>";
		};
		884B159215E815200030A2ED /* Pinboard */ = {
			isa = PBXGroup;
			children = (
				884B159315E815200030A2ED /* SHKPinboard.h */,
				884B159415E815200030A2ED /* SHKPinboard.m */,
			);
			path = Pinboard;
			sourceTree = "<group>";
		};
		884B159515E815200030A2ED /* Read It Later */ = {
			isa = PBXGroup;
			children = (
				884B159615E815200030A2ED /* SHKReadItLater.h */,
				884B159715E815200030A2ED /* SHKReadItLater.m */,
			);
			path = "Read It Later";
			sourceTree = "<group>";
		};
		884B159815E815200030A2ED /* Tumblr */ = {
			isa = PBXGroup;
			children = (
				884B159915E815200030A2ED /* SHKTumblr.h */,
				884B159A15E815200030A2ED /* SHKTumblr.m */,
			);
			path = Tumblr;
			sourceTree = "<group>";
		};
		884B159B15E815200030A2ED /* Twitter */ = {
			isa = PBXGroup;
			children = (
				884B159C15E815200030A2ED /* SHKTwitter.h */,
				884B159D15E815200030A2ED /* SHKTwitter.m */,
				884B159E15E815200030A2ED /* SHKTwitterForm.h */,
				884B159F15E815200030A2ED /* SHKTwitterForm.m */,
			);
			path = Twitter;
			sourceTree = "<group>";
		};
		884B15A115E815200030A2ED /* UI */ = {
			isa = PBXGroup;
			children = (
				884B15A215E815200030A2ED /* SHKActionSheet.h */,
				884B15A315E815200030A2ED /* SHKActionSheet.m */,
				884B15A415E815200030A2ED /* SHKActivityIndicator.h */,
				884B15A515E815200030A2ED /* SHKActivityIndicator.m */,
				884B15A615E815200030A2ED /* SHKFormController.h */,
				884B15A715E815200030A2ED /* SHKFormController.m */,
				884B15A815E815200030A2ED /* SHKFormFieldCell.h */,
				884B15A915E815200030A2ED /* SHKFormFieldCell.m */,
				884B15AA15E815200030A2ED /* SHKFormFieldSettings.h */,
				884B15AB15E815200030A2ED /* SHKFormFieldSettings.m */,
				884B15AC15E815200030A2ED /* SHKOAuthView.h */,
				884B15AD15E815200030A2ED /* SHKOAuthView.m */,
				884B15AE15E815200030A2ED /* SHKShareMenu.h */,
				884B15AF15E815200030A2ED /* SHKShareMenu.m */,
				884B15B015E815200030A2ED /* SHKViewControllerWrapper.h */,
				884B15B115E815200030A2ED /* SHKViewControllerWrapper.m */,
			);
			path = UI;
			sourceTree = "<group>";
		};
/* End PBXGroup section */

/* Begin PBXNativeTarget section */
		7691E89A13782D1900578213 /* Unfollower */ = {
			isa = PBXNativeTarget;
			buildConfigurationList = 7691E8C113782D1A00578213 /* Build configuration list for PBXNativeTarget "Unfollower" */;
			buildPhases = (
				7691E89713782D1900578213 /* Sources */,
				7691E89813782D1900578213 /* Frameworks */,
				7691E89913782D1900578213 /* Resources */,
			);
			buildRules = (
			);
			dependencies = (
			);
			name = Unfollower;
			productName = Unfollower;
			productReference = 7691E89B13782D1900578213 /* Unfollower.app */;
			productType = "com.apple.product-type.application";
		};
/* End PBXNativeTarget section */

/* Begin PBXProject section */
		7691E89213782D1900578213 /* Project object */ = {
			isa = PBXProject;
			attributes = {
				LastUpgradeCheck = 0460;
				ORGANIZATIONNAME = Al;
			};
			buildConfigurationList = 7691E89513782D1900578213 /* Build configuration list for PBXProject "Unfollower" */;
			compatibilityVersion = "Xcode 3.2";
			developmentRegion = English;
			hasScannedForEncodings = 0;
			knownRegions = (
				en,
				de,
			);
			mainGroup = 7691E89013782D1900578213;
			productRefGroup = 7691E89C13782D1900578213 /* Products */;
			projectDirPath = "";
			projectRoot = "";
			targets = (
				7691E89A13782D1900578213 /* Unfollower */,
			);
		};
/* End PBXProject section */

/* Begin PBXResourcesBuildPhase section */
		7691E89913782D1900578213 /* Resources */ = {
			isa = PBXResourcesBuildPhase;
			buildActionMask = 2147483647;
			files = (
				7691E8AA13782D1A00578213 /* InfoPlist.strings in Resources */,
				7691E8B713782D1A00578213 /* MainWindow_iPhone.xib in Resources */,
				7691E8BE13782D1A00578213 /* MainWindow_iPad.xib in Resources */,
				7691E8CB13782D8B00578213 /* Icon-72.png in Resources */,
				7691E8CC13782D8B00578213 /* Icon.png in Resources */,
				7691E8CD13782D8B00578213 /* Icon512.png in Resources */,
				7691E8CE13782D8B00578213 /* Icon@2x.png in Resources */,
				7691E8D313782E3600578213 /* SettingsView.xib in Resources */,
				7691E8E0137830CC00578213 /* iPadSettingsView.xib in Resources */,
				7691E8E2137832F700578213 /* Default.png in Resources */,
				7691E8F7137841AD00578213 /* UnfollowerListView.xib in Resources */,
				7691EA1713788E7800578213 /* 01-refresh.png in Resources */,
				7691EA1813788E7800578213 /* 19-gear.png in Resources */,
				7691EA1913788E7800578213 /* 23-bird.png in Resources */,
				7691EA1E13788F8900578213 /* AboutView.xib in Resources */,
				76C0C85E137ABBF20090C285 /* iPadUnfollowerListView.xib in Resources */,
				7690983F137CB7CD00392018 /* ShowUserView.xib in Resources */,
				768960691381B5E900670E8A /* matrix.jpg in Resources */,
				7689606A1381B5E900670E8A /* matrix.png in Resources */,
				76C43EFC14CCF3D00009F29A /* autum.jpg in Resources */,
				76C43EFD14CCF3D00009F29A /* backbutton.png in Resources */,
				76C43EFE14CCF3D00009F29A /* desert.jpg in Resources */,
				76C43EFF14CCF3D00009F29A /* GradientFill.png in Resources */,
				76C43F0014CCF3D00009F29A /* MovieTransportBackground-ChapterButton.png in Resources */,
				76C43F0114CCF3D00009F29A /* MovieTransportBackground-Chapters.png in Resources */,
				76C43F0214CCF3D00009F29A /* MovieTransportBackground-long.png in Resources */,
				76C43F0314CCF3D00009F29A /* MovieTransportBackground.png in Resources */,
				76C43F0414CCF3D00009F29A /* UIAlertSheetDefaultBackground.png in Resources */,
				76C43F0514CCF3D00009F29A /* UILCDBackground.png in Resources */,
				76C43F0614CCF3D00009F29A /* UIPopupAlertSheetBackground.png in Resources */,
				76C43F0714CCF3D00009F29A /* UITableSelection.png in Resources */,
				76C43F0814CCF3D00009F29A /* lake.jpg in Resources */,
				76C43F0914CCF3D00009F29A /* raindrops.jpg in Resources */,
				760ED9C514EE02D100F727FE /* DownloadTheFacebook.xib in Resources */,
				884B15C915E815200030A2ED /* SHKSharers.plist in Resources */,
				884B15CE15E815200030A2ED /* Localizable.strings in Resources */,
				884B15D515E815200030A2ED /* FBConnect.bundle in Resources */,
				7619381E1602EBDD00CA6B47 /* Default-568h@2x.png in Resources */,
			);
			runOnlyForDeploymentPostprocessing = 0;
		};
/* End PBXResourcesBuildPhase section */

/* Begin PBXSourcesBuildPhase section */
		7691E89713782D1900578213 /* Sources */ = {
			isa = PBXSourcesBuildPhase;
			buildActionMask = 2147483647;
			files = (
				7691E8AD13782D1A00578213 /* main.m in Sources */,
				7691E8B013782D1A00578213 /* UnfollowerAppDelegate.m in Sources */,
				7691E8B413782D1A00578213 /* UnfollowerAppDelegate_iPhone.m in Sources */,
				7691E8BB13782D1A00578213 /* UnfollowerAppDelegate_iPad.m in Sources */,
				7691E8D213782E3600578213 /* SettingsView.m in Sources */,
				7691E8F6137841AD00578213 /* UnfollowerListView.m in Sources */,
				7691EA1D13788F8900578213 /* AboutView.m in Sources */,
				7690983E137CB7CD00392018 /* ShowUserView.m in Sources */,
				760ED9C414EE02D100F727FE /* DownloadTheFacebook.m in Sources */,
				76AF65411533CCA90049193E /* F3Swirly.m in Sources */,
				884B151315E7FD910030A2ED /* ServerRestUrl.m in Sources */,
				884B15B215E815200030A2ED /* SHKOAuthSharer.m in Sources */,
				884B15B315E815200030A2ED /* SHKSharer.m in Sources */,
				884B15B415E815200030A2ED /* UIWebView+SHK.m in Sources */,
				884B15B515E815200030A2ED /* SFHFKeychainUtils.m in Sources */,
				884B15B615E815200030A2ED /* NSMutableURLRequest+Parameters.m in Sources */,
				884B15B715E815200030A2ED /* NSString+URLEncoding.m in Sources */,
				884B15B815E815200030A2ED /* NSURL+Base.m in Sources */,
				884B15B915E815200030A2ED /* Base64Transcoder.c in Sources */,
				884B15BA15E815200030A2ED /* hmac.c in Sources */,
				884B15BB15E815200030A2ED /* sha1.c in Sources */,
				884B15BC15E815200030A2ED /* OAAsynchronousDataFetcher.m in Sources */,
				884B15BD15E815200030A2ED /* OAConsumer.m in Sources */,
				884B15BE15E815200030A2ED /* OADataFetcher.m in Sources */,
				884B15BF15E815200030A2ED /* OAHMAC_SHA1SignatureProvider.m in Sources */,
				884B15C015E815200030A2ED /* OAMutableURLRequest.m in Sources */,
				884B15C115E815200030A2ED /* OAPlaintextSignatureProvider.m in Sources */,
				884B15C215E815200030A2ED /* OARequestParameter.m in Sources */,
				884B15C315E815200030A2ED /* OAServiceTicket.m in Sources */,
				884B15C415E815200030A2ED /* OAToken.m in Sources */,
				884B15C515E815200030A2ED /* SHKRequest.m in Sources */,
				884B15C615E815200030A2ED /* SHK.m in Sources */,
				884B15C715E815200030A2ED /* SHKItem.m in Sources */,
				884B15C815E815200030A2ED /* SHKOfflineSharer.m in Sources */,
				884B15CA15E815200030A2ED /* SHKCustomFormController.m in Sources */,
				884B15CB15E815200030A2ED /* SHKCustomFormFieldCell.m in Sources */,
				884B15CC15E815200030A2ED /* SHKCustomShareMenu.m in Sources */,
				884B15CD15E815200030A2ED /* SHKCustomShareMenuCell.m in Sources */,
				884B15CF15E815200030A2ED /* Reachability.m in Sources */,
				884B15D015E815200030A2ED /* SHKCopy.m in Sources */,
				884B15D115E815200030A2ED /* SHKMail.m in Sources */,
				884B15D215E815200030A2ED /* SHKSafari.m in Sources */,
				884B15D315E815200030A2ED /* SHKPhotoAlbum.m in Sources */,
				884B15D415E815200030A2ED /* SHKDelicious.m in Sources */,
				884B15D615E815200030A2ED /* FBConnectGlobal.m in Sources */,
				884B15D715E815200030A2ED /* FBDialog.m in Sources */,
				884B15D815E815200030A2ED /* FBFeedDialog.m in Sources */,
				884B15D915E815200030A2ED /* FBLoginButton.m in Sources */,
				884B15DA15E815200030A2ED /* FBLoginDialog.m in Sources */,
				884B15DB15E815200030A2ED /* FBPermissionDialog.m in Sources */,
				884B15DC15E815200030A2ED /* FBRequest.m in Sources */,
				884B15DD15E815200030A2ED /* FBSession.m in Sources */,
				884B15DE15E815200030A2ED /* FBStreamDialog.m in Sources */,
				884B15DF15E815200030A2ED /* FBXMLHandler.m in Sources */,
				884B15E015E815200030A2ED /* SHKFacebook.m in Sources */,
				884B15E115E815200030A2ED /* SHKFBStreamDialog.m in Sources */,
				884B15E215E815200030A2ED /* SHKGoogleReader.m in Sources */,
				884B15E315E815200030A2ED /* SHKInstapaper.m in Sources */,
				884B15E415E815200030A2ED /* SHKPinboard.m in Sources */,
				884B15E515E815200030A2ED /* SHKReadItLater.m in Sources */,
				884B15E615E815200030A2ED /* SHKTumblr.m in Sources */,
				884B15E715E815200030A2ED /* SHKTwitter.m in Sources */,
				884B15E815E815200030A2ED /* SHKTwitterForm.m in Sources */,
				884B15E915E815200030A2ED /* SHKActionSheet.m in Sources */,
				884B15EA15E815200030A2ED /* SHKActivityIndicator.m in Sources */,
				884B15EB15E815200030A2ED /* SHKFormController.m in Sources */,
				884B15EC15E815200030A2ED /* SHKFormFieldCell.m in Sources */,
				884B15ED15E815200030A2ED /* SHKFormFieldSettings.m in Sources */,
				884B15EE15E815200030A2ED /* SHKOAuthView.m in Sources */,
				884B15EF15E815200030A2ED /* SHKShareMenu.m in Sources */,
				884B15F015E815200030A2ED /* SHKViewControllerWrapper.m in Sources */,
			);
			runOnlyForDeploymentPostprocessing = 0;
		};
/* End PBXSourcesBuildPhase section */

/* Begin PBXVariantGroup section */
		7691E8A813782D1A00578213 /* InfoPlist.strings */ = {
			isa = PBXVariantGroup;
			children = (
				7691E8A913782D1A00578213 /* en */,
			);
			name = InfoPlist.strings;
			sourceTree = "<group>";
		};
		7691E8B513782D1A00578213 /* MainWindow_iPhone.xib */ = {
			isa = PBXVariantGroup;
			children = (
				7691E8B613782D1A00578213 /* en */,
			);
			name = MainWindow_iPhone.xib;
			sourceTree = "<group>";
		};
		7691E8BC13782D1A00578213 /* MainWindow_iPad.xib */ = {
			isa = PBXVariantGroup;
			children = (
				7691E8BD13782D1A00578213 /* en */,
			);
			name = MainWindow_iPad.xib;
			sourceTree = "<group>";
		};
		884B155815E815200030A2ED /* Localizable.strings */ = {
			isa = PBXVariantGroup;
			children = (
				884B155915E815200030A2ED /* de */,
				884B155A15E815200030A2ED /* en */,
			);
			name = Localizable.strings;
			sourceTree = "<group>";
		};
/* End PBXVariantGroup section */

/* Begin XCBuildConfiguration section */
		7691E8BF13782D1A00578213 /* Debug */ = {
			isa = XCBuildConfiguration;
			buildSettings = {
				ARCHS = "$(ARCHS_STANDARD_32_BIT)";
				"CODE_SIGN_IDENTITY[sdk=iphoneos*]" = "iPhone Developer";
				GCC_C_LANGUAGE_STANDARD = gnu99;
				GCC_OPTIMIZATION_LEVEL = 0;
				GCC_PREPROCESSOR_DEFINITIONS = DEBUG;
				GCC_SYMBOLS_PRIVATE_EXTERN = NO;
				GCC_VERSION = com.apple.compilers.llvmgcc42;
				GCC_WARN_ABOUT_RETURN_TYPE = YES;
				GCC_WARN_UNUSED_VARIABLE = YES;
				IPHONEOS_DEPLOYMENT_TARGET = 4.3;
				SDKROOT = iphoneos;
				TARGETED_DEVICE_FAMILY = "1,2";
			};
			name = Debug;
		};
		7691E8C013782D1A00578213 /* Release */ = {
			isa = XCBuildConfiguration;
			buildSettings = {
				ARCHS = "$(ARCHS_STANDARD_32_BIT)";
				"CODE_SIGN_IDENTITY[sdk=iphoneos*]" = "iPhone Developer";
				GCC_C_LANGUAGE_STANDARD = gnu99;
				GCC_VERSION = com.apple.compilers.llvmgcc42;
				GCC_WARN_ABOUT_RETURN_TYPE = YES;
				GCC_WARN_UNUSED_VARIABLE = YES;
				IPHONEOS_DEPLOYMENT_TARGET = 4.3;
				OTHER_CFLAGS = "-DNS_BLOCK_ASSERTIONS=1";
				SDKROOT = iphoneos;
				TARGETED_DEVICE_FAMILY = "1,2";
			};
			name = Release;
		};
		7691E8C213782D1A00578213 /* Debug */ = {
			isa = XCBuildConfiguration;
			buildSettings = {
				ALWAYS_SEARCH_USER_PATHS = NO;
				ARCHS = (
					armv7,
					armv6,
				);
				CODE_SIGN_IDENTITY = "iPhone Developer";
				COPY_PHASE_STRIP = NO;
				GCC_DYNAMIC_NO_PIC = NO;
				GCC_PRECOMPILE_PREFIX_HEADER = YES;
				GCC_PREFIX_HEADER = "Unfollower/Unfollower-Prefix.pch";
				GCC_THUMB_SUPPORT = NO;
				GCC_VERSION = "";
				INFOPLIST_FILE = "Unfollower/Unfollower-Info.plist";
				IPHONEOS_DEPLOYMENT_TARGET = 4.3;
				PRODUCT_NAME = "$(TARGET_NAME)";
				PROVISIONING_PROFILE = "";
				WRAPPER_EXTENSION = app;
			};
			name = Debug;
		};
		7691E8C313782D1A00578213 /* Release */ = {
			isa = XCBuildConfiguration;
			buildSettings = {
				ALWAYS_SEARCH_USER_PATHS = NO;
				ARCHS = (
					armv7,
					armv6,
				);
				CODE_SIGN_IDENTITY = "iPhone Developer";
				COPY_PHASE_STRIP = YES;
				GCC_PRECOMPILE_PREFIX_HEADER = YES;
				GCC_PREFIX_HEADER = "Unfollower/Unfollower-Prefix.pch";
				GCC_THUMB_SUPPORT = NO;
				GCC_VERSION = "";
				INFOPLIST_FILE = "Unfollower/Unfollower-Info.plist";
				IPHONEOS_DEPLOYMENT_TARGET = 4.3;
				PRODUCT_NAME = "$(TARGET_NAME)";
				PROVISIONING_PROFILE = "";
				VALIDATE_PRODUCT = YES;
				WRAPPER_EXTENSION = app;
			};
			name = Release;
		};
		7691E8FA1378441F00578213 /* Distribution */ = {
			isa = XCBuildConfiguration;
			buildSettings = {
				ARCHS = "$(ARCHS_STANDARD_32_BIT)";
				"CODE_SIGN_IDENTITY[sdk=iphoneos*]" = "iPhone Developer";
				GCC_C_LANGUAGE_STANDARD = gnu99;
				GCC_VERSION = com.apple.compilers.llvmgcc42;
				GCC_WARN_ABOUT_RETURN_TYPE = YES;
				GCC_WARN_UNUSED_VARIABLE = YES;
				IPHONEOS_DEPLOYMENT_TARGET = 4.3;
				OTHER_CFLAGS = "-DNS_BLOCK_ASSERTIONS=1";
				SDKROOT = iphoneos;
				TARGETED_DEVICE_FAMILY = "1,2";
			};
			name = Distribution;
		};
		7691E8FB1378441F00578213 /* Distribution */ = {
			isa = XCBuildConfiguration;
			buildSettings = {
				ALWAYS_SEARCH_USER_PATHS = NO;
				ARCHS = (
					armv7,
					armv6,
				);
				CODE_SIGN_IDENTITY = "iPhone Distribution";
				"CODE_SIGN_IDENTITY[sdk=iphoneos*]" = "iPhone Distribution";
				COPY_PHASE_STRIP = YES;
				GCC_PRECOMPILE_PREFIX_HEADER = YES;
				GCC_PREFIX_HEADER = "Unfollower/Unfollower-Prefix.pch";
				GCC_THUMB_SUPPORT = NO;
				GCC_VERSION = "";
				INFOPLIST_FILE = "Unfollower/Unfollower-Info.plist";
				IPHONEOS_DEPLOYMENT_TARGET = 4.3;
				PRODUCT_NAME = "$(TARGET_NAME)";
				PROVISIONING_PROFILE = "";
				"PROVISIONING_PROFILE[sdk=iphoneos*]" = "";
				VALIDATE_PRODUCT = YES;
				WRAPPER_EXTENSION = app;
			};
			name = Distribution;
		};
/* End XCBuildConfiguration section */

/* Begin XCConfigurationList section */
		7691E89513782D1900578213 /* Build configuration list for PBXProject "Unfollower" */ = {
			isa = XCConfigurationList;
			buildConfigurations = (
				7691E8BF13782D1A00578213 /* Debug */,
				7691E8C013782D1A00578213 /* Release */,
				7691E8FA1378441F00578213 /* Distribution */,
			);
			defaultConfigurationIsVisible = 0;
			defaultConfigurationName = Release;
		};
		7691E8C113782D1A00578213 /* Build configuration list for PBXNativeTarget "Unfollower" */ = {
			isa = XCConfigurationList;
			buildConfigurations = (
				7691E8C213782D1A00578213 /* Debug */,
				7691E8C313782D1A00578213 /* Release */,
				7691E8FB1378441F00578213 /* Distribution */,
			);
			defaultConfigurationIsVisible = 0;
			defaultConfigurationName = Release;
		};
/* End XCConfigurationList section */
	};
	rootObject = 7691E89213782D1900578213 /* Project object */;
}
